// !$*UTF8*$!
{
	archiveVersion = 1;
	classes = {
	};
	objectVersion = 77;
	objects = {

/* Begin PBXBuildFile section */
		CC00BC502FA6B66400323F38 /* WidgetKit.framework in Frameworks */ = {isa = PBXBuildFile; fileRef = CC00BC4F2FA6B66400323F38 /* WidgetKit.framework */; };
		CC00BC522FA6B66400323F38 /* SwiftUI.framework in Frameworks */ = {isa = PBXBuildFile; fileRef = CC00BC512FA6B66400323F38 /* SwiftUI.framework */; };
		CC00BC612FA6B66500323F38 /* AuDioHD WidgetExtension.appex in Embed Foundation Extensions */ = {isa = PBXBuildFile; fileRef = CC00BC4D2FA6B66400323F38 /* AuDioHD WidgetExtension.appex */; settings = {ATTRIBUTES = (RemoveHeadersOnCopy, ); }; };
		CCC48EBB2FA6AB350003458B /* AuDioHD Watch App.app in Embed Watch Content */ = {isa = PBXBuildFile; fileRef = CCC48E9B2FA6AB330003458B /* AuDioHD Watch App.app */; settings = {ATTRIBUTES = (RemoveHeadersOnCopy, ); }; };
/* End PBXBuildFile section */

/* Begin PBXContainerItemProxy section */
		CC00BC5F2FA6B66500323F38 /* PBXContainerItemProxy */ = {
			isa = PBXContainerItemProxy;
			containerPortal = CC08EC512F9522F600206D2F /* Project object */;
			proxyType = 1;
			remoteGlobalIDString = CC00BC4C2FA6B66400323F38;
			remoteInfo = "AuDioHD WidgetExtension";
		};
		CC08EC672F9522F800206D2F /* PBXContainerItemProxy */ = {
			isa = PBXContainerItemProxy;
			containerPortal = CC08EC512F9522F600206D2F /* Project object */;
			proxyType = 1;
			remoteGlobalIDString = CC08EC582F9522F600206D2F;
			remoteInfo = AuDioHD;
		};
		CC08EC712F9522F800206D2F /* PBXContainerItemProxy */ = {
			isa = PBXContainerItemProxy;
			containerPortal = CC08EC512F9522F600206D2F /* Project object */;
			proxyType = 1;
			remoteGlobalIDString = CC08EC582F9522F600206D2F;
			remoteInfo = AuDioHD;
		};
		CCC48EA82FA6AB340003458B /* PBXContainerItemProxy */ = {
			isa = PBXContainerItemProxy;
			containerPortal = CC08EC512F9522F600206D2F /* Project object */;
			proxyType = 1;
			remoteGlobalIDString = CCC48E9A2FA6AB330003458B;
			remoteInfo = "AuDioHD Watch App";
		};
		CCC48EB22FA6AB340003458B /* PBXContainerItemProxy */ = {
			isa = PBXContainerItemProxy;
			containerPortal = CC08EC512F9522F600206D2F /* Project object */;
			proxyType = 1;
			remoteGlobalIDString = CCC48E9A2FA6AB330003458B;
			remoteInfo = "AuDioHD Watch App";
		};
		CCC48EB92FA6AB350003458B /* PBXContainerItemProxy */ = {
			isa = PBXContainerItemProxy;
			containerPortal = CC08EC512F9522F600206D2F /* Project object */;
			proxyType = 1;
			remoteGlobalIDString = CCC48E9A2FA6AB330003458B;
			remoteInfo = "AuDioHD Watch App";
		};
/* End PBXContainerItemProxy section */

/* Begin PBXCopyFilesBuildPhase section */
		CC00BC622FA6B66500323F38 /* Embed Foundation Extensions */ = {
			isa = PBXCopyFilesBuildPhase;
			buildActionMask = 2147483647;
			dstPath = "";
			dstSubfolderSpec = 13;
			files = (
				CC00BC612FA6B66500323F38 /* AuDioHD WidgetExtension.appex in Embed Foundation Extensions */,
			);
			name = "Embed Foundation Extensions";
			runOnlyForDeploymentPostprocessing = 0;
		};
		CCC48E8D2FA6AAC30003458B /* Embed Watch Content */ = {
			isa = PBXCopyFilesBuildPhase;
			buildActionMask = 2147483647;
			dstPath = "$(CONTENTS_FOLDER_PATH)/Watch";
			dstSubfolderSpec = 16;
			files = (
				CCC48EBB2FA6AB350003458B /* AuDioHD Watch App.app in Embed Watch Content */,
			);
			name = "Embed Watch Content";
			runOnlyForDeploymentPostprocessing = 0;
		};
/* End PBXCopyFilesBuildPhase section */

/* Begin PBXFileReference section */
		CC00BC4D2FA6B66400323F38 /* AuDioHD WidgetExtension.appex */ = {isa = PBXFileReference; explicitFileType = "wrapper.app-extension"; includeInIndex = 0; path = "AuDioHD WidgetExtension.appex"; sourceTree = BUILT_PRODUCTS_DIR; };
		CC00BC4F2FA6B66400323F38 /* WidgetKit.framework */ = {isa = PBXFileReference; lastKnownFileType = wrapper.framework; name = WidgetKit.framework; path = System/Library/Frameworks/WidgetKit.framework; sourceTree = SDKROOT; };
		CC00BC512FA6B66400323F38 /* SwiftUI.framework */ = {isa = PBXFileReference; lastKnownFileType = wrapper.framework; name = SwiftUI.framework; path = System/Library/Frameworks/SwiftUI.framework; sourceTree = SDKROOT; };
		CC08EC592F9522F600206D2F /* AuDioHD.app */ = {isa = PBXFileReference; explicitFileType = wrapper.application; includeInIndex = 0; path = AuDioHD.app; sourceTree = BUILT_PRODUCTS_DIR; };
		CC08EC662F9522F800206D2F /* AuDioHDTests.xctest */ = {isa = PBXFileReference; explicitFileType = wrapper.cfbundle; includeInIndex = 0; path = AuDioHDTests.xctest; sourceTree = BUILT_PRODUCTS_DIR; };
		CC08EC702F9522F800206D2F /* AuDioHDUITests.xctest */ = {isa = PBXFileReference; explicitFileType = wrapper.cfbundle; includeInIndex = 0; path = AuDioHDUITests.xctest; sourceTree = BUILT_PRODUCTS_DIR; };
		CCC48E9B2FA6AB330003458B /* AuDioHD Watch App.app */ = {isa = PBXFileReference; explicitFileType = wrapper.application; includeInIndex = 0; path = "AuDioHD Watch App.app"; sourceTree = BUILT_PRODUCTS_DIR; };
		CCC48EA72FA6AB340003458B /* AuDioHD Watch AppTests.xctest */ = {isa = PBXFileReference; explicitFileType = wrapper.cfbundle; includeInIndex = 0; path = "AuDioHD Watch AppTests.xctest"; sourceTree = BUILT_PRODUCTS_DIR; };
		CCC48EB12FA6AB340003458B /* AuDioHD Watch AppUITests.xctest */ = {isa = PBXFileReference; explicitFileType = wrapper.cfbundle; includeInIndex = 0; path = "AuDioHD Watch AppUITests.xctest"; sourceTree = BUILT_PRODUCTS_DIR; };
/* End PBXFileReference section */

/* Begin PBXFileSystemSynchronizedBuildFileExceptionSet section */
		CC00BC662FA6B66500323F38 /* Exceptions for "AuDioHD Widget" folder in "AuDioHD WidgetExtension" target */ = {
			isa = PBXFileSystemSynchronizedBuildFileExceptionSet;
			membershipExceptions = (
				Info.plist,
			);
			target = CC00BC4C2FA6B66400323F38 /* AuDioHD WidgetExtension */;
		};
		CC08EC842F95256B00206D2F /* Exceptions for "AuDioHD" folder in "AuDioHD" target */ = {
			isa = PBXFileSystemSynchronizedBuildFileExceptionSet;
			membershipExceptions = (
				Info.plist,
			);
			target = CC08EC582F9522F600206D2F /* AuDioHD */;
		};
/* End PBXFileSystemSynchronizedBuildFileExceptionSet section */

/* Begin PBXFileSystemSynchronizedRootGroup section */
		CC00BC532FA6B66400323F38 /* AuDioHD Widget */ = {
			isa = PBXFileSystemSynchronizedRootGroup;
			exceptions = (
				CC00BC662FA6B66500323F38 /* Exceptions for "AuDioHD Widget" folder in "AuDioHD WidgetExtension" target */,
			);
			path = "AuDioHD Widget";
			sourceTree = "<group>";
		};
		CC08EC5B2F9522F600206D2F /* AuDioHD */ = {
			isa = PBXFileSystemSynchronizedRootGroup;
			exceptions = (
				CC08EC842F95256B00206D2F /* Exceptions for "AuDioHD" folder in "AuDioHD" target */,
			);
			path = AuDioHD;
			sourceTree = "<group>";
		};
		CC08EC692F9522F800206D2F /* AuDioHDTests */ = {
			isa = PBXFileSystemSynchronizedRootGroup;
			path = AuDioHDTests;
			sourceTree = "<group>";
		};
		CC08EC732F9522F800206D2F /* AuDioHDUITests */ = {
			isa = PBXFileSystemSynchronizedRootGroup;
			path = AuDioHDUITests;
			sourceTree = "<group>";
		};
		CCC48E9C2FA6AB330003458B /* AuDioHD Watch App */ = {
			isa = PBXFileSystemSynchronizedRootGroup;
			path = "AuDioHD Watch App";
			sourceTree = "<group>";
		};
		CCC48EAA2FA6AB340003458B /* AuDioHD Watch AppTests */ = {
			isa = PBXFileSystemSynchronizedRootGroup;
			path = "AuDioHD Watch AppTests";
			sourceTree = "<group>";
		};
		CCC48EB42FA6AB340003458B /* AuDioHD Watch AppUITests */ = {
			isa = PBXFileSystemSynchronizedRootGroup;
			path = "AuDioHD Watch AppUITests";
			sourceTree = "<group>";
		};
/* End PBXFileSystemSynchronizedRootGroup section */

/* Begin PBXFrameworksBuildPhase section */
		CC00BC4A2FA6B66400323F38 /* Frameworks */ = {
			isa = PBXFrameworksBuildPhase;
			buildActionMask = 2147483647;
			files = (
				CC00BC522FA6B66400323F38 /* SwiftUI.framework in Frameworks */,
				CC00BC502FA6B66400323F38 /* WidgetKit.framework in Frameworks */,
			);
			runOnlyForDeploymentPostprocessing = 0;
		};
		CC08EC562F9522F600206D2F /* Frameworks */ = {
			isa = PBXFrameworksBuildPhase;
			buildActionMask = 2147483647;
			files = (
			);
			runOnlyForDeploymentPostprocessing = 0;
		};
		CC08EC632F9522F800206D2F /* Frameworks */ = {
			isa = PBXFrameworksBuildPhase;
			buildActionMask = 2147483647;
			files = (
			);
			runOnlyForDeploymentPostprocessing = 0;
		};
		CC08EC6D2F9522F800206D2F /* Frameworks */ = {
			isa = PBXFrameworksBuildPhase;
			buildActionMask = 2147483647;
			files = (
			);
			runOnlyForDeploymentPostprocessing = 0;
		};
		CCC48E982FA6AB330003458B /* Frameworks */ = {
			isa = PBXFrameworksBuildPhase;
			buildActionMask = 2147483647;
			files = (
			);
			runOnlyForDeploymentPostprocessing = 0;
		};
		CCC48EA42FA6AB340003458B /* Frameworks */ = {
			isa = PBXFrameworksBuildPhase;
			buildActionMask = 2147483647;
			files = (
			);
			runOnlyForDeploymentPostprocessing = 0;
		};
		CCC48EAE2FA6AB340003458B /* Frameworks */ = {
			isa = PBXFrameworksBuildPhase;
			buildActionMask = 2147483647;
			files = (
			);
			runOnlyForDeploymentPostprocessing = 0;
		};
/* End PBXFrameworksBuildPhase section */

/* Begin PBXGroup section */
		CC00BC4E2FA6B66400323F38 /* Frameworks */ = {
			isa = PBXGroup;
			children = (
				CC00BC4F2FA6B66400323F38 /* WidgetKit.framework */,
				CC00BC512FA6B66400323F38 /* SwiftUI.framework */,
			);
			name = Frameworks;
			sourceTree = "<group>";
		};
		CC08EC502F9522F600206D2F = {
			isa = PBXGroup;
			children = (
				CC08EC5B2F9522F600206D2F /* AuDioHD */,
				CC08EC692F9522F800206D2F /* AuDioHDTests */,
				CC08EC732F9522F800206D2F /* AuDioHDUITests */,
				CCC48E9C2FA6AB330003458B /* AuDioHD Watch App */,
				CCC48EAA2FA6AB340003458B /* AuDioHD Watch AppTests */,
				CCC48EB42FA6AB340003458B /* AuDioHD Watch AppUITests */,
				CC00BC532FA6B66400323F38 /* AuDioHD Widget */,
				CC00BC4E2FA6B66400323F38 /* Frameworks */,
				CC08EC5A2F9522F600206D2F /* Products */,
			);
			sourceTree = "<group>";
		};
		CC08EC5A2F9522F600206D2F /* Products */ = {
			isa = PBXGroup;
			children = (
				CC08EC592F9522F600206D2F /* AuDioHD.app */,
				CC08EC662F9522F800206D2F /* AuDioHDTests.xctest */,
				CC08EC702F9522F800206D2F /* AuDioHDUITests.xctest */,
				CCC48E9B2FA6AB330003458B /* AuDioHD Watch App.app */,
				CCC48EA72FA6AB340003458B /* AuDioHD Watch AppTests.xctest */,
				CCC48EB12FA6AB340003458B /* AuDioHD Watch AppUITests.xctest */,
				CC00BC4D2FA6B66400323F38 /* AuDioHD WidgetExtension.appex */,
			);
			name = Products;
			sourceTree = "<group>";
		};
/* End PBXGroup section */

/* Begin PBXNativeTarget section */
		CC00BC4C2FA6B66400323F38 /* AuDioHD WidgetExtension */ = {
			isa = PBXNativeTarget;
			buildConfigurationList = CC00BC652FA6B66500323F38 /* Build configuration list for PBXNativeTarget "AuDioHD WidgetExtension" */;
			buildPhases = (
				CC00BC492FA6B66400323F38 /* Sources */,
				CC00BC4A2FA6B66400323F38 /* Frameworks */,
				CC00BC4B2FA6B66400323F38 /* Resources */,
			);
			buildRules = (
			);
			dependencies = (
			);
			fileSystemSynchronizedGroups = (
				CC00BC532FA6B66400323F38 /* AuDioHD Widget */,
			);
			name = "AuDioHD WidgetExtension";
			productName = "AuDioHD WidgetExtension";
			productReference = CC00BC4D2FA6B66400323F38 /* AuDioHD WidgetExtension.appex */;
			productType = "com.apple.product-type.app-extension";
		};
		CC08EC582F9522F600206D2F /* AuDioHD */ = {
			isa = PBXNativeTarget;
			buildConfigurationList = CC08EC7A2F9522F800206D2F /* Build configuration list for PBXNativeTarget "AuDioHD" */;
			buildPhases = (
				CC08EC552F9522F600206D2F /* Sources */,
				CC08EC562F9522F600206D2F /* Frameworks */,
				CC08EC572F9522F600206D2F /* Resources */,
				CCC48E8D2FA6AAC30003458B /* Embed Watch Content */,
			);
			buildRules = (
			);
			dependencies = (
				CCC48EBA2FA6AB350003458B /* PBXTargetDependency */,
			);
			fileSystemSynchronizedGroups = (
				CC08EC5B2F9522F600206D2F /* AuDioHD */,
			);
			name = AuDioHD;
			productName = AuDioHD;
			productReference = CC08EC592F9522F600206D2F /* AuDioHD.app */;
			productType = "com.apple.product-type.application";
		};
		CC08EC652F9522F800206D2F /* AuDioHDTests */ = {
			isa = PBXNativeTarget;
			buildConfigurationList = CC08EC7D2F9522F800206D2F /* Build configuration list for PBXNativeTarget "AuDioHDTests" */;
			buildPhases = (
				CC08EC622F9522F800206D2F /* Sources */,
				CC08EC632F9522F800206D2F /* Frameworks */,
				CC08EC642F9522F800206D2F /* Resources */,
			);
			buildRules = (
			);
			dependencies = (
				CC08EC682F9522F800206D2F /* PBXTargetDependency */,
			);
			fileSystemSynchronizedGroups = (
				CC08EC692F9522F800206D2F /* AuDioHDTests */,
			);
			name = AuDioHDTests;
			productName = AuDioHDTests;
			productReference = CC08EC662F9522F800206D2F /* AuDioHDTests.xctest */;
			productType = "com.apple.product-type.bundle.unit-test";
		};
		CC08EC6F2F9522F800206D2F /* AuDioHDUITests */ = {
			isa = PBXNativeTarget;
			buildConfigurationList = CC08EC802F9522F800206D2F /* Build configuration list for PBXNativeTarget "AuDioHDUITests" */;
			buildPhases = (
				CC08EC6C2F9522F800206D2F /* Sources */,
				CC08EC6D2F9522F800206D2F /* Frameworks */,
				CC08EC6E2F9522F800206D2F /* Resources */,
			);
			buildRules = (
			);
			dependencies = (
				CC08EC722F9522F800206D2F /* PBXTargetDependency */,
			);
			fileSystemSynchronizedGroups = (
				CC08EC732F9522F800206D2F /* AuDioHDUITests */,
			);
			name = AuDioHDUITests;
			productName = AuDioHDUITests;
			productReference = CC08EC702F9522F800206D2F /* AuDioHDUITests.xctest */;
			productType = "com.apple.product-type.bundle.ui-testing";
		};
		CCC48E9A2FA6AB330003458B /* AuDioHD Watch App */ = {
			isa = PBXNativeTarget;
			buildConfigurationList = CCC48EBC2FA6AB350003458B /* Build configuration list for PBXNativeTarget "AuDioHD Watch App" */;
			buildPhases = (
				CCC48E972FA6AB330003458B /* Sources */,
				CCC48E982FA6AB330003458B /* Frameworks */,
				CCC48E992FA6AB330003458B /* Resources */,
				CC00BC622FA6B66500323F38 /* Embed Foundation Extensions */,
			);
			buildRules = (
			);
			dependencies = (
				CC00BC602FA6B66500323F38 /* PBXTargetDependency */,
			);
			fileSystemSynchronizedGroups = (
				CCC48E9C2FA6AB330003458B /* AuDioHD Watch App */,
			);
			name = "AuDioHD Watch App";
			productName = "AuDioHD Watch App";
			productReference = CCC48E9B2FA6AB330003458B /* AuDioHD Watch App.app */;
			productType = "com.apple.product-type.application";
		};
		CCC48EA62FA6AB340003458B /* AuDioHD Watch AppTests */ = {
			isa = PBXNativeTarget;
			buildConfigurationList = CCC48EBF2FA6AB350003458B /* Build configuration list for PBXNativeTarget "AuDioHD Watch AppTests" */;
			buildPhases = (
				CCC48EA32FA6AB340003458B /* Sources */,
				CCC48EA42FA6AB340003458B /* Frameworks */,
				CCC48EA52FA6AB340003458B /* Resources */,
			);
			buildRules = (
			);
			dependencies = (
				CCC48EA92FA6AB340003458B /* PBXTargetDependency */,
			);
			fileSystemSynchronizedGroups = (
				CCC48EAA2FA6AB340003458B /* AuDioHD Watch AppTests */,
			);
			name = "AuDioHD Watch AppTests";
			productName = "AuDioHD Watch AppTests";
			productReference = CCC48EA72FA6AB340003458B /* AuDioHD Watch AppTests.xctest */;
			productType = "com.apple.product-type.bundle.unit-test";
		};
		CCC48EB02FA6AB340003458B /* AuDioHD Watch AppUITests */ = {
			isa = PBXNativeTarget;
			buildConfigurationList = CCC48EC22FA6AB350003458B /* Build configuration list for PBXNativeTarget "AuDioHD Watch AppUITests" */;
			buildPhases = (
				CCC48EAD2FA6AB340003458B /* Sources */,
				CCC48EAE2FA6AB340003458B /* Frameworks */,
				CCC48EAF2FA6AB340003458B /* Resources */,
			);
			buildRules = (
			);
			dependencies = (
				CCC48EB32FA6AB340003458B /* PBXTargetDependency */,
			);
			fileSystemSynchronizedGroups = (
				CCC48EB42FA6AB340003458B /* AuDioHD Watch AppUITests */,
			);
			name = "AuDioHD Watch AppUITests";
			productName = "AuDioHD Watch AppUITests";
			productReference = CCC48EB12FA6AB340003458B /* AuDioHD Watch AppUITests.xctest */;
			productType = "com.apple.product-type.bundle.ui-testing";
		};
/* End PBXNativeTarget section */

/* Begin PBXProject section */
		CC08EC512F9522F600206D2F /* Project object */ = {
			isa = PBXProject;
			attributes = {
				BuildIndependentTargetsInParallel = 1;
				LastSwiftUpdateCheck = 2640;
				LastUpgradeCheck = 2640;
				TargetAttributes = {
					CC00BC4C2FA6B66400323F38 = {
						CreatedOnToolsVersion = 26.4.1;
					};
					CC08EC582F9522F600206D2F = {
						CreatedOnToolsVersion = 26.4.1;
					};
					CC08EC652F9522F800206D2F = {
						CreatedOnToolsVersion = 26.4.1;
						TestTargetID = CC08EC582F9522F600206D2F;
					};
					CC08EC6F2F9522F800206D2F = {
						CreatedOnToolsVersion = 26.4.1;
						TestTargetID = CC08EC582F9522F600206D2F;
					};
					CCC48E9A2FA6AB330003458B = {
						CreatedOnToolsVersion = 26.4.1;
					};
					CCC48EA62FA6AB340003458B = {
						CreatedOnToolsVersion = 26.4.1;
						TestTargetID = CCC48E9A2FA6AB330003458B;
					};
					CCC48EB02FA6AB340003458B = {
						CreatedOnToolsVersion = 26.4.1;
						TestTargetID = CCC48E9A2FA6AB330003458B;
					};
				};
			};
			buildConfigurationList = CC08EC542F9522F600206D2F /* Build configuration list for PBXProject "AuDioHD" */;
			developmentRegion = en;
			hasScannedForEncodings = 0;
			knownRegions = (
				en,
				Base,
			);
			mainGroup = CC08EC502F9522F600206D2F;
			minimizedProjectReferenceProxies = 1;
			preferredProjectObjectVersion = 77;
			productRefGroup = CC08EC5A2F9522F600206D2F /* Products */;
			projectDirPath = "";
			projectRoot = "";
			targets = (
				CC08EC582F9522F600206D2F /* AuDioHD */,
				CC08EC652F9522F800206D2F /* AuDioHDTests */,
				CC08EC6F2F9522F800206D2F /* AuDioHDUITests */,
				CCC48E9A2FA6AB330003458B /* AuDioHD Watch App */,
				CCC48EA62FA6AB340003458B /* AuDioHD Watch AppTests */,
				CCC48EB02FA6AB340003458B /* AuDioHD Watch AppUITests */,
				CC00BC4C2FA6B66400323F38 /* AuDioHD WidgetExtension */,
			);
		};
/* End PBXProject section */

/* Begin PBXResourcesBuildPhase section */
		CC00BC4B2FA6B66400323F38 /* Resources */ = {
			isa = PBXResourcesBuildPhase;
			buildActionMask = 2147483647;
			files = (
			);
			runOnlyForDeploymentPostprocessing = 0;
		};
		CC08EC572F9522F600206D2F /* Resources */ = {
			isa = PBXResourcesBuildPhase;
			buildActionMask = 2147483647;
			files = (
			);
			runOnlyForDeploymentPostprocessing = 0;
		};
		CC08EC642F9522F800206D2F /* Resources */ = {
			isa = PBXResourcesBuildPhase;
			buildActionMask = 2147483647;
			files = (
			);
			runOnlyForDeploymentPostprocessing = 0;
		};
		CC08EC6E2F9522F800206D2F /* Resources */ = {
			isa = PBXResourcesBuildPhase;
			buildActionMask = 2147483647;
			files = (
			);
			runOnlyForDeploymentPostprocessing = 0;
		};
		CCC48E992FA6AB330003458B /* Resources */ = {
			isa = PBXResourcesBuildPhase;
			buildActionMask = 2147483647;
			files = (
			);
			runOnlyForDeploymentPostprocessing = 0;
		};
		CCC48EA52FA6AB340003458B /* Resources */ = {
			isa = PBXResourcesBuildPhase;
			buildActionMask = 2147483647;
			files = (
			);
			runOnlyForDeploymentPostprocessing = 0;
		};
		CCC48EAF2FA6AB340003458B /* Resources */ = {
			isa = PBXResourcesBuildPhase;
			buildActionMask = 2147483647;
			files = (
			);
			runOnlyForDeploymentPostprocessing = 0;
		};
/* End PBXResourcesBuildPhase section */

/* Begin PBXSourcesBuildPhase section */
		CC00BC492FA6B66400323F38 /* Sources */ = {
			isa = PBXSourcesBuildPhase;
			buildActionMask = 2147483647;
			files = (
			);
			runOnlyForDeploymentPostprocessing = 0;
		};
		CC08EC552F9522F600206D2F /* Sources */ = {
			isa = PBXSourcesBuildPhase;
			buildActionMask = 2147483647;
			files = (
			);
			runOnlyForDeploymentPostprocessing = 0;
		};
		CC08EC622F9522F800206D2F /* Sources */ = {
			isa = PBXSourcesBuildPhase;
			buildActionMask = 2147483647;
			files = (
			);
			runOnlyForDeploymentPostprocessing = 0;
		};
		CC08EC6C2F9522F800206D2F /* Sources */ = {
			isa = PBXSourcesBuildPhase;
			buildActionMask = 2147483647;
			files = (
			);
			runOnlyForDeploymentPostprocessing = 0;
		};
		CCC48E972FA6AB330003458B /* Sources */ = {
			isa = PBXSourcesBuildPhase;
			buildActionMask = 2147483647;
			files = (
			);
			runOnlyForDeploymentPostprocessing = 0;
		};
		CCC48EA32FA6AB340003458B /* Sources */ = {
			isa = PBXSourcesBuildPhase;
			buildActionMask = 2147483647;
			files = (
			);
			runOnlyForDeploymentPostprocessing = 0;
		};
		CCC48EAD2FA6AB340003458B /* Sources */ = {
			isa = PBXSourcesBuildPhase;
			buildActionMask = 2147483647;
			files = (
			);
			runOnlyForDeploymentPostprocessing = 0;
		};
/* End PBXSourcesBuildPhase section */

/* Begin PBXTargetDependency section */
		CC00BC602FA6B66500323F38 /* PBXTargetDependency */ = {
			isa = PBXTargetDependency;
			target = CC00BC4C2FA6B66400323F38 /* AuDioHD WidgetExtension */;
			targetProxy = CC00BC5F2FA6B66500323F38 /* PBXContainerItemProxy */;
		};
		CC08EC682F9522F800206D2F /* PBXTargetDependency */ = {
			isa = PBXTargetDependency;
			target = CC08EC582F9522F600206D2F /* AuDioHD */;
			targetProxy = CC08EC672F9522F800206D2F /* PBXContainerItemProxy */;
		};
		CC08EC722F9522F800206D2F /* PBXTargetDependency */ = {
			isa = PBXTargetDependency;
			target = CC08EC582F9522F600206D2F /* AuDioHD */;
			targetProxy = CC08EC712F9522F800206D2F /* PBXContainerItemProxy */;
		};
		CCC48EA92FA6AB340003458B /* PBXTargetDependency */ = {
			isa = PBXTargetDependency;
			target = CCC48E9A2FA6AB330003458B /* AuDioHD Watch App */;
			targetProxy = CCC48EA82FA6AB340003458B /* PBXContainerItemProxy */;
		};
		CCC48EB32FA6AB340003458B /* PBXTargetDependency */ = {
			isa = PBXTargetDependency;
			target = CCC48E9A2FA6AB330003458B /* AuDioHD Watch App */;
			targetProxy = CCC48EB22FA6AB340003458B /* PBXContainerItemProxy */;
		};
		CCC48EBA2FA6AB350003458B /* PBXTargetDependency */ = {
			isa = PBXTargetDependency;
			target = CCC48E9A2FA6AB330003458B /* AuDioHD Watch App */;
			targetProxy = CCC48EB92FA6AB350003458B /* PBXContainerItemProxy */;
		};
/* End PBXTargetDependency section */

/* Begin XCBuildConfiguration section */
		CC00BC632FA6B66500323F38 /* Debug */ = {
			isa = XCBuildConfiguration;
			buildSettings = {
				ASSETCATALOG_COMPILER_GLOBAL_ACCENT_COLOR_NAME = AccentColor;
				ASSETCATALOG_COMPILER_WIDGET_BACKGROUND_COLOR_NAME = WidgetBackground;
				CODE_SIGN_ENTITLEMENTS = AuDioHD.entitlements;
				CODE_SIGN_STYLE = Automatic;
				CURRENT_PROJECT_VERSION = 7;
				DEVELOPMENT_TEAM = 8AXNA5B37R;
				GENERATE_INFOPLIST_FILE = YES;
				INFOPLIST_FILE = "AuDioHD Widget/Info.plist";
				INFOPLIST_KEY_CFBundleDisplayName = "AuDioHD Widget";
				INFOPLIST_KEY_NSHumanReadableCopyright = "";
				LD_RUNPATH_SEARCH_PATHS = (
					"$(inherited)",
					"@executable_path/Frameworks",
					"@executable_path/../../Frameworks",
					"@executable_path/../../../../Frameworks",
				);
				MARKETING_VERSION = 0.5;
				PRODUCT_BUNDLE_IDENTIFIER = "Dan.AuDioHD.watchkitapp.AuDioHD-Widget";
				PRODUCT_NAME = "$(TARGET_NAME)";
				SDKROOT = watchos;
				SKIP_INSTALL = YES;
				STRING_CATALOG_GENERATE_SYMBOLS = YES;
				SWIFT_APPROACHABLE_CONCURRENCY = YES;
				SWIFT_EMIT_LOC_STRINGS = YES;
				SWIFT_UPCOMING_FEATURE_MEMBER_IMPORT_VISIBILITY = YES;
				SWIFT_VERSION = 5.0;
				TARGETED_DEVICE_FAMILY = 4;
				VERSIONING_SYSTEM = "apple-generic";
				WATCHOS_DEPLOYMENT_TARGET = 26.4;
			};
			name = Debug;
		};
		CC00BC642FA6B66500323F38 /* Release */ = {
			isa = XCBuildConfiguration;
			buildSettings = {
				ASSETCATALOG_COMPILER_GLOBAL_ACCENT_COLOR_NAME = AccentColor;
				ASSETCATALOG_COMPILER_WIDGET_BACKGROUND_COLOR_NAME = WidgetBackground;
				CODE_SIGN_ENTITLEMENTS = AuDioHD.entitlements;
				CODE_SIGN_STYLE = Automatic;
				CURRENT_PROJECT_VERSION = 7;
				DEVELOPMENT_TEAM = 8AXNA5B37R;
				GENERATE_INFOPLIST_FILE = YES;
				INFOPLIST_FILE = "AuDioHD Widget/Info.plist";
				INFOPLIST_KEY_CFBundleDisplayName = "AuDioHD Widget";
				INFOPLIST_KEY_NSHumanReadableCopyright = "";
				LD_RUNPATH_SEARCH_PATHS = (
					"$(inherited)",
					"@executable_path/Frameworks",
					"@executable_path/../../Frameworks",
					"@executable_path/../../../../Frameworks",
				);
				MARKETING_VERSION = 0.5;
				PRODUCT_BUNDLE_IDENTIFIER = "Dan.AuDioHD.watchkitapp.AuDioHD-Widget";
				PRODUCT_NAME = "$(TARGET_NAME)";
				SDKROOT = watchos;
				SKIP_INSTALL = YES;
				STRING_CATALOG_GENERATE_SYMBOLS = YES;
				SWIFT_APPROACHABLE_CONCURRENCY = YES;
				SWIFT_EMIT_LOC_STRINGS = YES;
				SWIFT_UPCOMING_FEATURE_MEMBER_IMPORT_VISIBILITY = YES;
				SWIFT_VERSION = 5.0;
				TARGETED_DEVICE_FAMILY = 4;
				VALIDATE_PRODUCT = YES;
				VERSIONING_SYSTEM = "apple-generic";
				WATCHOS_DEPLOYMENT_TARGET = 26.4;
			};
			name = Release;
		};
		CC08EC782F9522F800206D2F /* Debug */ = {
			isa = XCBuildConfiguration;
			buildSettings = {
				ALWAYS_SEARCH_USER_PATHS = NO;
				ASSETCATALOG_COMPILER_GENERATE_SWIFT_ASSET_SYMBOL_EXTENSIONS = YES;
				CLANG_ANALYZER_NONNULL = YES;
				CLANG_ANALYZER_NUMBER_OBJECT_CONVERSION = YES_AGGRESSIVE;
				CLANG_CXX_LANGUAGE_STANDARD = "gnu++20";
				CLANG_ENABLE_MODULES = YES;
				CLANG_ENABLE_OBJC_ARC = YES;
				CLANG_ENABLE_OBJC_WEAK = YES;
				CLANG_WARN_BLOCK_CAPTURE_AUTORELEASING = YES;
				CLANG_WARN_BOOL_CONVERSION = YES;
				CLANG_WARN_COMMA = YES;
				CLANG_WARN_CONSTANT_CONVERSION = YES;
				CLANG_WARN_DEPRECATED_OBJC_IMPLEMENTATIONS = YES;
				CLANG_WARN_DIRECT_OBJC_ISA_USAGE = YES_ERROR;
				CLANG_WARN_DOCUMENTATION_COMMENTS = YES;
				CLANG_WARN_EMPTY_BODY = YES;
				CLANG_WARN_ENUM_CONVERSION = YES;
				CLANG_WARN_INFINITE_RECURSION = YES;
				CLANG_WARN_INT_CONVERSION = YES;
				CLANG_WARN_NON_LITERAL_NULL_CONVERSION = YES;
				CLANG_WARN_OBJC_IMPLICIT_RETAIN_SELF = YES;
				CLANG_WARN_OBJC_LITERAL_CONVERSION = YES;
				CLANG_WARN_OBJC_ROOT_CLASS = YES_ERROR;
				CLANG_WARN_QUOTED_INCLUDE_IN_FRAMEWORK_HEADER = YES;
				CLANG_WARN_RANGE_LOOP_ANALYSIS = YES;
				CLANG_WARN_STRICT_PROTOTYPES = YES;
				CLANG_WARN_SUSPICIOUS_MOVE = YES;
				CLANG_WARN_UNGUARDED_AVAILABILITY = YES_AGGRESSIVE;
				CLANG_WARN_UNREACHABLE_CODE = YES;
				CLANG_WARN__DUPLICATE_METHOD_MATCH = YES;
				COPY_PHASE_STRIP = NO;
				DEBUG_INFORMATION_FORMAT = dwarf;
				DEVELOPMENT_TEAM = 8AXNA5B37R;
				ENABLE_STRICT_OBJC_MSGSEND = YES;
				ENABLE_TESTABILITY = YES;
				ENABLE_USER_SCRIPT_SANDBOXING = YES;
				GCC_C_LANGUAGE_STANDARD = gnu17;
				GCC_DYNAMIC_NO_PIC = NO;
				GCC_NO_COMMON_BLOCKS = YES;
				GCC_OPTIMIZATION_LEVEL = 0;
				GCC_PREPROCESSOR_DEFINITIONS = (
					"DEBUG=1",
					"$(inherited)",
				);
				GCC_WARN_64_TO_32_BIT_CONVERSION = YES;
				GCC_WARN_ABOUT_RETURN_TYPE = YES_ERROR;
				GCC_WARN_UNDECLARED_SELECTOR = YES;
				GCC_WARN_UNINITIALIZED_AUTOS = YES_AGGRESSIVE;
				GCC_WARN_UNUSED_FUNCTION = YES;
				GCC_WARN_UNUSED_VARIABLE = YES;
				LOCALIZATION_PREFERS_STRING_CATALOGS = YES;
				MTL_ENABLE_DEBUG_INFO = INCLUDE_SOURCE;
				MTL_FAST_MATH = YES;
				ONLY_ACTIVE_ARCH = YES;
				SWIFT_ACTIVE_COMPILATION_CONDITIONS = "DEBUG $(inherited)";
				SWIFT_OPTIMIZATION_LEVEL = "-Onone";
			};
			name = Debug;
		};
		CC08EC792F9522F800206D2F /* Release */ = {
			isa = XCBuildConfiguration;
			buildSettings = {
				ALWAYS_SEARCH_USER_PATHS = NO;
				ASSETCATALOG_COMPILER_GENERATE_SWIFT_ASSET_SYMBOL_EXTENSIONS = YES;
				CLANG_ANALYZER_NONNULL = YES;
				CLANG_ANALYZER_NUMBER_OBJECT_CONVERSION = YES_AGGRESSIVE;
				CLANG_CXX_LANGUAGE_STANDARD = "gnu++20";
				CLANG_ENABLE_MODULES = YES;
				CLANG_ENABLE_OBJC_ARC = YES;
				CLANG_ENABLE_OBJC_WEAK = YES;
				CLANG_WARN_BLOCK_CAPTURE_AUTORELEASING = YES;
				CLANG_WARN_BOOL_CONVERSION = YES;
				CLANG_WARN_COMMA = YES;
				CLANG_WARN_CONSTANT_CONVERSION = YES;
				CLANG_WARN_DEPRECATED_OBJC_IMPLEMENTATIONS = YES;
				CLANG_WARN_DIRECT_OBJC_ISA_USAGE = YES_ERROR;
				CLANG_WARN_DOCUMENTATION_COMMENTS = YES;
				CLANG_WARN_EMPTY_BODY = YES;
				CLANG_WARN_ENUM_CONVERSION = YES;
				CLANG_WARN_INFINITE_RECURSION = YES;
				CLANG_WARN_INT_CONVERSION = YES;
				CLANG_WARN_NON_LITERAL_NULL_CONVERSION = YES;
				CLANG_WARN_OBJC_IMPLICIT_RETAIN_SELF = YES;
				CLANG_WARN_OBJC_LITERAL_CONVERSION = YES;
				CLANG_WARN_OBJC_ROOT_CLASS = YES_ERROR;
				CLANG_WARN_QUOTED_INCLUDE_IN_FRAMEWORK_HEADER = YES;
				CLANG_WARN_RANGE_LOOP_ANALYSIS = YES;
				CLANG_WARN_STRICT_PROTOTYPES = YES;
				CLANG_WARN_SUSPICIOUS_MOVE = YES;
				CLANG_WARN_UNGUARDED_AVAILABILITY = YES_AGGRESSIVE;
				CLANG_WARN_UNREACHABLE_CODE = YES;
				CLANG_WARN__DUPLICATE_METHOD_MATCH = YES;
				COPY_PHASE_STRIP = NO;
				DEBUG_INFORMATION_FORMAT = "dwarf-with-dsym";
				DEVELOPMENT_TEAM = 8AXNA5B37R;
				ENABLE_NS_ASSERTIONS = NO;
				ENABLE_STRICT_OBJC_MSGSEND = YES;
				ENABLE_USER_SCRIPT_SANDBOXING = YES;
				GCC_C_LANGUAGE_STANDARD = gnu17;
				GCC_NO_COMMON_BLOCKS = YES;
				GCC_WARN_64_TO_32_BIT_CONVERSION = YES;
				GCC_WARN_ABOUT_RETURN_TYPE = YES_ERROR;
				GCC_WARN_UNDECLARED_SELECTOR = YES;
				GCC_WARN_UNINITIALIZED_AUTOS = YES_AGGRESSIVE;
				GCC_WARN_UNUSED_FUNCTION = YES;
				GCC_WARN_UNUSED_VARIABLE = YES;
				LOCALIZATION_PREFERS_STRING_CATALOGS = YES;
				MTL_ENABLE_DEBUG_INFO = NO;
				MTL_FAST_MATH = YES;
				SWIFT_COMPILATION_MODE = wholemodule;
			};
			name = Release;
		};
		CC08EC7B2F9522F800206D2F /* Debug */ = {
			isa = XCBuildConfiguration;
			buildSettings = {
				ASSETCATALOG_COMPILER_APPICON_NAME = AppIcon;
				ASSETCATALOG_COMPILER_GLOBAL_ACCENT_COLOR_NAME = AccentColor;
				CODE_SIGN_STYLE = Automatic;
				CURRENT_PROJECT_VERSION = 7;
				DEVELOPMENT_TEAM = 8AXNA5B37R;
				ENABLE_APP_SANDBOX = YES;
				ENABLE_HARDENED_RUNTIME = YES;
				ENABLE_PREVIEWS = YES;
				ENABLE_USER_SELECTED_FILES = readonly;
				GENERATE_INFOPLIST_FILE = YES;
				INFOPLIST_FILE = AuDioHD/Info.plist;
				INFOPLIST_KEY_CFBundleDisplayName = AuDioHD;
				INFOPLIST_KEY_LSApplicationCategoryType = "public.app-category.books";
				"INFOPLIST_KEY_UIApplicationSceneManifest_Generation[sdk=iphoneos*]" = YES;
				"INFOPLIST_KEY_UIApplicationSceneManifest_Generation[sdk=iphonesimulator*]" = YES;
				"INFOPLIST_KEY_UIApplicationSupportsIndirectInputEvents[sdk=iphoneos*]" = YES;
				"INFOPLIST_KEY_UIApplicationSupportsIndirectInputEvents[sdk=iphonesimulator*]" = YES;
				"INFOPLIST_KEY_UILaunchScreen_Generation[sdk=iphoneos*]" = YES;
				"INFOPLIST_KEY_UILaunchScreen_Generation[sdk=iphonesimulator*]" = YES;
				"INFOPLIST_KEY_UIStatusBarStyle[sdk=iphoneos*]" = UIStatusBarStyleDefault;
				"INFOPLIST_KEY_UIStatusBarStyle[sdk=iphonesimulator*]" = UIStatusBarStyleDefault;
				INFOPLIST_KEY_UISupportedInterfaceOrientations = UIInterfaceOrientationPortrait;
				INFOPLIST_KEY_UISupportedInterfaceOrientations_iPad = "UIInterfaceOrientationLandscapeLeft UIInterfaceOrientationLandscapeRight UIInterfaceOrientationPortrait UIInterfaceOrientationPortraitUpsideDown";
				IPHONEOS_DEPLOYMENT_TARGET = 26.4;
				LD_RUNPATH_SEARCH_PATHS = "@executable_path/Frameworks";
				"LD_RUNPATH_SEARCH_PATHS[sdk=macosx*]" = "@executable_path/../Frameworks";
				MACOSX_DEPLOYMENT_TARGET = 26.3;
				MARKETING_VERSION = 0.5;
				PRODUCT_BUNDLE_IDENTIFIER = Dan.AuDioHD;
				PRODUCT_NAME = "$(TARGET_NAME)";
				REGISTER_APP_GROUPS = YES;
				SDKROOT = auto;
				STRING_CATALOG_GENERATE_SYMBOLS = YES;
				SUPPORTED_PLATFORMS = "iphoneos iphonesimulator macosx";
				SUPPORTS_MACCATALYST = NO;
				SWIFT_APPROACHABLE_CONCURRENCY = YES;
				SWIFT_DEFAULT_ACTOR_ISOLATION = MainActor;
				SWIFT_EMIT_LOC_STRINGS = YES;
				SWIFT_UPCOMING_FEATURE_MEMBER_IMPORT_VISIBILITY = YES;
				SWIFT_VERSION = 5.0;
				TARGETED_DEVICE_FAMILY = 1;
				VERSIONING_SYSTEM = "apple-generic";
				XROS_DEPLOYMENT_TARGET = 26.4;
			};
			name = Debug;
		};
		CC08EC7C2F9522F800206D2F /* Release */ = {
			isa = XCBuildConfiguration;
			buildSettings = {
				ASSETCATALOG_COMPILER_APPICON_NAME = AppIcon;
				ASSETCATALOG_COMPILER_GLOBAL_ACCENT_COLOR_NAME = AccentColor;
				CODE_SIGN_STYLE = Automatic;
				CURRENT_PROJECT_VERSION = 7;
				DEVELOPMENT_TEAM = 8AXNA5B37R;
				ENABLE_APP_SANDBOX = YES;
				ENABLE_HARDENED_RUNTIME = YES;
				ENABLE_PREVIEWS = YES;
				ENABLE_USER_SELECTED_FILES = readonly;
				GENERATE_INFOPLIST_FILE = YES;
				INFOPLIST_FILE = AuDioHD/Info.plist;
				INFOPLIST_KEY_CFBundleDisplayName = AuDioHD;
				INFOPLIST_KEY_LSApplicationCategoryType = "public.app-category.books";
				"INFOPLIST_KEY_UIApplicationSceneManifest_Generation[sdk=iphoneos*]" = YES;
				"INFOPLIST_KEY_UIApplicationSceneManifest_Generation[sdk=iphonesimulator*]" = YES;
				"INFOPLIST_KEY_UIApplicationSupportsIndirectInputEvents[sdk=iphoneos*]" = YES;
				"INFOPLIST_KEY_UIApplicationSupportsIndirectInputEvents[sdk=iphonesimulator*]" = YES;
				"INFOPLIST_KEY_UILaunchScreen_Generation[sdk=iphoneos*]" = YES;
				"INFOPLIST_KEY_UILaunchScreen_Generation[sdk=iphonesimulator*]" = YES;
				"INFOPLIST_KEY_UIStatusBarStyle[sdk=iphoneos*]" = UIStatusBarStyleDefault;
				"INFOPLIST_KEY_UIStatusBarStyle[sdk=iphonesimulator*]" = UIStatusBarStyleDefault;
				INFOPLIST_KEY_UISupportedInterfaceOrientations = UIInterfaceOrientationPortrait;
				INFOPLIST_KEY_UISupportedInterfaceOrientations_iPad = "UIInterfaceOrientationLandscapeLeft UIInterfaceOrientationLandscapeRight UIInterfaceOrientationPortrait UIInterfaceOrientationPortraitUpsideDown";
				IPHONEOS_DEPLOYMENT_TARGET = 26.4;
				LD_RUNPATH_SEARCH_PATHS = "@executable_path/Frameworks";
				"LD_RUNPATH_SEARCH_PATHS[sdk=macosx*]" = "@executable_path/../Frameworks";
				MACOSX_DEPLOYMENT_TARGET = 26.3;
				MARKETING_VERSION = 0.5;
				PRODUCT_BUNDLE_IDENTIFIER = Dan.AuDioHD;
				PRODUCT_NAME = "$(TARGET_NAME)";
				REGISTER_APP_GROUPS = YES;
				SDKROOT = auto;
				STRING_CATALOG_GENERATE_SYMBOLS = YES;
				SUPPORTED_PLATFORMS = "iphoneos iphonesimulator macosx";
				SUPPORTS_MACCATALYST = NO;
				SWIFT_APPROACHABLE_CONCURRENCY = YES;
				SWIFT_DEFAULT_ACTOR_ISOLATION = MainActor;
				SWIFT_EMIT_LOC_STRINGS = YES;
				SWIFT_UPCOMING_FEATURE_MEMBER_IMPORT_VISIBILITY = YES;
				SWIFT_VERSION = 5.0;
				TARGETED_DEVICE_FAMILY = 1;
				VERSIONING_SYSTEM = "apple-generic";
				XROS_DEPLOYMENT_TARGET = 26.4;
			};
			name = Release;
		};
		CC08EC7E2F9522F800206D2F /* Debug */ = {
			isa = XCBuildConfiguration;
			buildSettings = {
				BUNDLE_LOADER = "$(TEST_HOST)";
				CODE_SIGN_STYLE = Automatic;
				CURRENT_PROJECT_VERSION = 7;
				DEVELOPMENT_TEAM = 8AXNA5B37R;
				GENERATE_INFOPLIST_FILE = YES;
				IPHONEOS_DEPLOYMENT_TARGET = 26.4;
				MACOSX_DEPLOYMENT_TARGET = 26.3;
				MARKETING_VERSION = 0.5;
				PRODUCT_BUNDLE_IDENTIFIER = Dan.AuDioHDTests;
				PRODUCT_NAME = "$(TARGET_NAME)";
				SDKROOT = auto;
				STRING_CATALOG_GENERATE_SYMBOLS = NO;
				SUPPORTED_PLATFORMS = "iphoneos iphonesimulator macosx xros xrsimulator";
				SWIFT_APPROACHABLE_CONCURRENCY = YES;
				SWIFT_EMIT_LOC_STRINGS = NO;
				SWIFT_UPCOMING_FEATURE_MEMBER_IMPORT_VISIBILITY = YES;
				SWIFT_VERSION = 5.0;
				TARGETED_DEVICE_FAMILY = "1,2,7";
				TEST_HOST = "$(BUILT_PRODUCTS_DIR)/AuDioHD.app/$(BUNDLE_EXECUTABLE_FOLDER_PATH)/AuDioHD";
				VERSIONING_SYSTEM = "apple-generic";
				XROS_DEPLOYMENT_TARGET = 26.4;
			};
			name = Debug;
		};
		CC08EC7F2F9522F800206D2F /* Release */ = {
			isa = XCBuildConfiguration;
			buildSettings = {
				BUNDLE_LOADER = "$(TEST_HOST)";
				CODE_SIGN_STYLE = Automatic;
				CURRENT_PROJECT_VERSION = 7;
				DEVELOPMENT_TEAM = 8AXNA5B37R;
				GENERATE_INFOPLIST_FILE = YES;
				IPHONEOS_DEPLOYMENT_TARGET = 26.4;
				MACOSX_DEPLOYMENT_TARGET = 26.3;
				MARKETING_VERSION = 0.5;
				PRODUCT_BUNDLE_IDENTIFIER = Dan.AuDioHDTests;
				PRODUCT_NAME = "$(TARGET_NAME)";
				SDKROOT = auto;
				STRING_CATALOG_GENERATE_SYMBOLS = NO;
				SUPPORTED_PLATFORMS = "iphoneos iphonesimulator macosx xros xrsimulator";
				SWIFT_APPROACHABLE_CONCURRENCY = YES;
				SWIFT_EMIT_LOC_STRINGS = NO;
				SWIFT_UPCOMING_FEATURE_MEMBER_IMPORT_VISIBILITY = YES;
				SWIFT_VERSION = 5.0;
				TARGETED_DEVICE_FAMILY = "1,2,7";
				TEST_HOST = "$(BUILT_PRODUCTS_DIR)/AuDioHD.app/$(BUNDLE_EXECUTABLE_FOLDER_PATH)/AuDioHD";
				VERSIONING_SYSTEM = "apple-generic";
				XROS_DEPLOYMENT_TARGET = 26.4;
			};
			name = Release;
		};
		CC08EC812F9522F800206D2F /* Debug */ = {
			isa = XCBuildConfiguration;
			buildSettings = {
				CODE_SIGN_STYLE = Automatic;
				CURRENT_PROJECT_VERSION = 7;
				DEVELOPMENT_TEAM = 8AXNA5B37R;
				GENERATE_INFOPLIST_FILE = YES;
				IPHONEOS_DEPLOYMENT_TARGET = 26.4;
				MACOSX_DEPLOYMENT_TARGET = 26.3;
				MARKETING_VERSION = 0.5;
				PRODUCT_BUNDLE_IDENTIFIER = Dan.AuDioHDUITests;
				PRODUCT_NAME = "$(TARGET_NAME)";
				SDKROOT = auto;
				STRING_CATALOG_GENERATE_SYMBOLS = NO;
				SUPPORTED_PLATFORMS = "iphoneos iphonesimulator macosx xros xrsimulator";
				SWIFT_APPROACHABLE_CONCURRENCY = YES;
				SWIFT_EMIT_LOC_STRINGS = NO;
				SWIFT_UPCOMING_FEATURE_MEMBER_IMPORT_VISIBILITY = YES;
				SWIFT_VERSION = 5.0;
				TARGETED_DEVICE_FAMILY = "1,2,7";
				TEST_TARGET_NAME = AuDioHD;
				VERSIONING_SYSTEM = "apple-generic";
				XROS_DEPLOYMENT_TARGET = 26.4;
			};
			name = Debug;
		};
		CC08EC822F9522F800206D2F /* Release */ = {
			isa = XCBuildConfiguration;
			buildSettings = {
				CODE_SIGN_STYLE = Automatic;
				CURRENT_PROJECT_VERSION = 7;
				DEVELOPMENT_TEAM = 8AXNA5B37R;
				GENERATE_INFOPLIST_FILE = YES;
				IPHONEOS_DEPLOYMENT_TARGET = 26.4;
				MACOSX_DEPLOYMENT_TARGET = 26.3;
				MARKETING_VERSION = 0.5;
				PRODUCT_BUNDLE_IDENTIFIER = Dan.AuDioHDUITests;
				PRODUCT_NAME = "$(TARGET_NAME)";
				SDKROOT = auto;
				STRING_CATALOG_GENERATE_SYMBOLS = NO;
				SUPPORTED_PLATFORMS = "iphoneos iphonesimulator macosx xros xrsimulator";
				SWIFT_APPROACHABLE_CONCURRENCY = YES;
				SWIFT_EMIT_LOC_STRINGS = NO;
				SWIFT_UPCOMING_FEATURE_MEMBER_IMPORT_VISIBILITY = YES;
				SWIFT_VERSION = 5.0;
				TARGETED_DEVICE_FAMILY = "1,2,7";
				TEST_TARGET_NAME = AuDioHD;
				VERSIONING_SYSTEM = "apple-generic";
				XROS_DEPLOYMENT_TARGET = 26.4;
			};
			name = Release;
		};
		CCC48EBD2FA6AB350003458B /* Debug */ = {
			isa = XCBuildConfiguration;
			buildSettings = {
				ASSETCATALOG_COMPILER_APPICON_NAME = AppIcon;
				ASSETCATALOG_COMPILER_GLOBAL_ACCENT_COLOR_NAME = AccentColor;
				CODE_SIGN_ENTITLEMENTS = AuDioHD.entitlements;
				CODE_SIGN_STYLE = Automatic;
				CURRENT_PROJECT_VERSION = 7;
				DEVELOPMENT_TEAM = 8AXNA5B37R;
				ENABLE_PREVIEWS = YES;
				GENERATE_INFOPLIST_FILE = YES;
				INFOPLIST_KEY_CFBundleDisplayName = "AuDioHD Watch App";
				INFOPLIST_KEY_UISupportedInterfaceOrientations = "UIInterfaceOrientationPortrait UIInterfaceOrientationPortraitUpsideDown";
				INFOPLIST_KEY_WKCompanionAppBundleIdentifier = Dan.AuDioHD;
				LD_RUNPATH_SEARCH_PATHS = (
					"$(inherited)",
					"@executable_path/Frameworks",
				);
				MARKETING_VERSION = 0.5;
				PRODUCT_BUNDLE_IDENTIFIER = Dan.AuDioHD.watchkitapp;
				PRODUCT_NAME = "$(TARGET_NAME)";
				SDKROOT = watchos;
				SKIP_INSTALL = YES;
				STRING_CATALOG_GENERATE_SYMBOLS = YES;
				SWIFT_APPROACHABLE_CONCURRENCY = YES;
				SWIFT_DEFAULT_ACTOR_ISOLATION = MainActor;
				SWIFT_EMIT_LOC_STRINGS = YES;
				SWIFT_UPCOMING_FEATURE_MEMBER_IMPORT_VISIBILITY = YES;
				SWIFT_VERSION = 5.0;
				TARGETED_DEVICE_FAMILY = 4;
				VERSIONING_SYSTEM = "apple-generic";
				WATCHOS_DEPLOYMENT_TARGET = 26.4;
			};
			name = Debug;
		};
		CCC48EBE2FA6AB350003458B /* Release */ = {
			isa = XCBuildConfiguration;
			buildSettings = {
				ASSETCATALOG_COMPILER_APPICON_NAME = AppIcon;
				ASSETCATALOG_COMPILER_GLOBAL_ACCENT_COLOR_NAME = AccentColor;
				CODE_SIGN_ENTITLEMENTS = AuDioHD.entitlements;
				CODE_SIGN_STYLE = Automatic;
				CURRENT_PROJECT_VERSION = 7;
				DEVELOPMENT_TEAM = 8AXNA5B37R;
				ENABLE_PREVIEWS = YES;
				GENERATE_INFOPLIST_FILE = YES;
				INFOPLIST_KEY_CFBundleDisplayName = "AuDioHD Watch App";
				INFOPLIST_KEY_UISupportedInterfaceOrientations = "UIInterfaceOrientationPortrait UIInterfaceOrientationPortraitUpsideDown";
				INFOPLIST_KEY_WKCompanionAppBundleIdentifier = Dan.AuDioHD;
				LD_RUNPATH_SEARCH_PATHS = (
					"$(inherited)",
					"@executable_path/Frameworks",
				);
				MARKETING_VERSION = 0.5;
				PRODUCT_BUNDLE_IDENTIFIER = Dan.AuDioHD.watchkitapp;
				PRODUCT_NAME = "$(TARGET_NAME)";
				SDKROOT = watchos;
				SKIP_INSTALL = YES;
				STRING_CATALOG_GENERATE_SYMBOLS = YES;
				SWIFT_APPROACHABLE_CONCURRENCY = YES;
				SWIFT_DEFAULT_ACTOR_ISOLATION = MainActor;
				SWIFT_EMIT_LOC_STRINGS = YES;
				SWIFT_UPCOMING_FEATURE_MEMBER_IMPORT_VISIBILITY = YES;
				SWIFT_VERSION = 5.0;
				TARGETED_DEVICE_FAMILY = 4;
				VALIDATE_PRODUCT = YES;
				VERSIONING_SYSTEM = "apple-generic";
				WATCHOS_DEPLOYMENT_TARGET = 26.4;
			};
			name = Release;
		};
		CCC48EC02FA6AB350003458B /* Debug */ = {
			isa = XCBuildConfiguration;
			buildSettings = {
				BUNDLE_LOADER = "$(TEST_HOST)";
				CODE_SIGN_STYLE = Automatic;
				CURRENT_PROJECT_VERSION = 7;
				DEVELOPMENT_TEAM = 8AXNA5B37R;
				GENERATE_INFOPLIST_FILE = YES;
				MARKETING_VERSION = 0.5;
				PRODUCT_BUNDLE_IDENTIFIER = "Dan.AuDioHD-Watch-App-Watch-AppTests";
				PRODUCT_NAME = "$(TARGET_NAME)";
				SDKROOT = watchos;
				STRING_CATALOG_GENERATE_SYMBOLS = NO;
				SWIFT_APPROACHABLE_CONCURRENCY = YES;
				SWIFT_EMIT_LOC_STRINGS = NO;
				SWIFT_UPCOMING_FEATURE_MEMBER_IMPORT_VISIBILITY = YES;
				SWIFT_VERSION = 5.0;
				TARGETED_DEVICE_FAMILY = 4;
				TEST_HOST = "$(BUILT_PRODUCTS_DIR)/AuDioHD Watch App.app/$(BUNDLE_EXECUTABLE_FOLDER_PATH)/AuDioHD Watch App";
				VERSIONING_SYSTEM = "apple-generic";
				WATCHOS_DEPLOYMENT_TARGET = 26.4;
			};
			name = Debug;
		};
		CCC48EC12FA6AB350003458B /* Release */ = {
			isa = XCBuildConfiguration;
			buildSettings = {
				BUNDLE_LOADER = "$(TEST_HOST)";
				CODE_SIGN_STYLE = Automatic;
				CURRENT_PROJECT_VERSION = 7;
				DEVELOPMENT_TEAM = 8AXNA5B37R;
				GENERATE_INFOPLIST_FILE = YES;
				MARKETING_VERSION = 0.5;
				PRODUCT_BUNDLE_IDENTIFIER = "Dan.AuDioHD-Watch-App-Watch-AppTests";
				PRODUCT_NAME = "$(TARGET_NAME)";
				SDKROOT = watchos;
				STRING_CATALOG_GENERATE_SYMBOLS = NO;
				SWIFT_APPROACHABLE_CONCURRENCY = YES;
				SWIFT_EMIT_LOC_STRINGS = NO;
				SWIFT_UPCOMING_FEATURE_MEMBER_IMPORT_VISIBILITY = YES;
				SWIFT_VERSION = 5.0;
				TARGETED_DEVICE_FAMILY = 4;
				TEST_HOST = "$(BUILT_PRODUCTS_DIR)/AuDioHD Watch App.app/$(BUNDLE_EXECUTABLE_FOLDER_PATH)/AuDioHD Watch App";
				VALIDATE_PRODUCT = YES;
				VERSIONING_SYSTEM = "apple-generic";
				WATCHOS_DEPLOYMENT_TARGET = 26.4;
			};
			name = Release;
		};
		CCC48EC32FA6AB350003458B /* Debug */ = {
			isa = XCBuildConfiguration;
			buildSettings = {
				CODE_SIGN_STYLE = Automatic;
				CURRENT_PROJECT_VERSION = 7;
				DEVELOPMENT_TEAM = 8AXNA5B37R;
				GENERATE_INFOPLIST_FILE = YES;
				MARKETING_VERSION = 0.5;
				PRODUCT_BUNDLE_IDENTIFIER = "Dan.AuDioHD-Watch-App-Watch-AppUITests";
				PRODUCT_NAME = "$(TARGET_NAME)";
				SDKROOT = watchos;
				STRING_CATALOG_GENERATE_SYMBOLS = NO;
				SWIFT_APPROACHABLE_CONCURRENCY = YES;
				SWIFT_EMIT_LOC_STRINGS = NO;
				SWIFT_UPCOMING_FEATURE_MEMBER_IMPORT_VISIBILITY = YES;
				SWIFT_VERSION = 5.0;
				TARGETED_DEVICE_FAMILY = 4;
				TEST_TARGET_NAME = "AuDioHD Watch App";
				VERSIONING_SYSTEM = "apple-generic";
				WATCHOS_DEPLOYMENT_TARGET = 26.4;
			};
			name = Debug;
		};
		CCC48EC42FA6AB350003458B /* Release */ = {
			isa = XCBuildConfiguration;
			buildSettings = {
				CODE_SIGN_STYLE = Automatic;
				CURRENT_PROJECT_VERSION = 7;
				DEVELOPMENT_TEAM = 8AXNA5B37R;
				GENERATE_INFOPLIST_FILE = YES;
				MARKETING_VERSION = 0.5;
				PRODUCT_BUNDLE_IDENTIFIER = "Dan.AuDioHD-Watch-App-Watch-AppUITests";
				PRODUCT_NAME = "$(TARGET_NAME)";
				SDKROOT = watchos;
				STRING_CATALOG_GENERATE_SYMBOLS = NO;
				SWIFT_APPROACHABLE_CONCURRENCY = YES;
				SWIFT_EMIT_LOC_STRINGS = NO;
				SWIFT_UPCOMING_FEATURE_MEMBER_IMPORT_VISIBILITY = YES;
				SWIFT_VERSION = 5.0;
				TARGETED_DEVICE_FAMILY = 4;
				TEST_TARGET_NAME = "AuDioHD Watch App";
				VALIDATE_PRODUCT = YES;
				VERSIONING_SYSTEM = "apple-generic";
				WATCHOS_DEPLOYMENT_TARGET = 26.4;
			};
			name = Release;
		};
/* End XCBuildConfiguration section */

/* Begin XCConfigurationList section */
		CC00BC652FA6B66500323F38 /* Build configuration list for PBXNativeTarget "AuDioHD WidgetExtension" */ = {
			isa = XCConfigurationList;
			buildConfigurations = (
				CC00BC632FA6B66500323F38 /* Debug */,
				CC00BC642FA6B66500323F38 /* Release */,
			);
			defaultConfigurationIsVisible = 0;
			defaultConfigurationName = Release;
		};
		CC08EC542F9522F600206D2F /* Build configuration list for PBXProject "AuDioHD" */ = {
			isa = XCConfigurationList;
			buildConfigurations = (
				CC08EC782F9522F800206D2F /* Debug */,
				CC08EC792F9522F800206D2F /* Release */,
			);
			defaultConfigurationIsVisible = 0;
			defaultConfigurationName = Release;
		};
		CC08EC7A2F9522F800206D2F /* Build configuration list for PBXNativeTarget "AuDioHD" */ = {
			isa = XCConfigurationList;
			buildConfigurations = (
				CC08EC7B2F9522F800206D2F /* Debug */,
				CC08EC7C2F9522F800206D2F /* Release */,
			);
			defaultConfigurationIsVisible = 0;
			defaultConfigurationName = Release;
		};
		CC08EC7D2F9522F800206D2F /* Build configuration list for PBXNativeTarget "AuDioHDTests" */ = {
			isa = XCConfigurationList;
			buildConfigurations = (
				CC08EC7E2F9522F800206D2F /* Debug */,
				CC08EC7F2F9522F800206D2F /* Release */,
			);
			defaultConfigurationIsVisible = 0;
			defaultConfigurationName = Release;
		};
		CC08EC802F9522F800206D2F /* Build configuration list for PBXNativeTarget "AuDioHDUITests" */ = {
			isa = XCConfigurationList;
			buildConfigurations = (
				CC08EC812F9522F800206D2F /* Debug */,
				CC08EC822F9522F800206D2F /* Release */,
			);
			defaultConfigurationIsVisible = 0;
			defaultConfigurationName = Release;
		};
		CCC48EBC2FA6AB350003458B /* Build configuration list for PBXNativeTarget "AuDioHD Watch App" */ = {
			isa = XCConfigurationList;
			buildConfigurations = (
				CCC48EBD2FA6AB350003458B /* Debug */,
				CCC48EBE2FA6AB350003458B /* Release */,
			);
			defaultConfigurationIsVisible = 0;
			defaultConfigurationName = Release;
		};
		CCC48EBF2FA6AB350003458B /* Build configuration list for PBXNativeTarget "AuDioHD Watch AppTests" */ = {
			isa = XCConfigurationList;
			buildConfigurations = (
				CCC48EC02FA6AB350003458B /* Debug */,
				CCC48EC12FA6AB350003458B /* Release */,
			);
			defaultConfigurationIsVisible = 0;
			defaultConfigurationName = Release;
		};
		CCC48EC22FA6AB350003458B /* Build configuration list for PBXNativeTarget "AuDioHD Watch AppUITests" */ = {
			isa = XCConfigurationList;
			buildConfigurations = (
				CCC48EC32FA6AB350003458B /* Debug */,
				CCC48EC42FA6AB350003458B /* Release */,
			);
			defaultConfigurationIsVisible = 0;
			defaultConfigurationName = Release;
		};
/* End XCConfigurationList section */
	};
	rootObject = CC08EC512F9522F600206D2F /* Project object */;
}
