// !$*UTF8*$!
{
	archiveVersion = 1;
	classes = {
	};
	objectVersion = 100;
	objects = {

/* Begin PBXBuildFile section */
		CC0000000010GRDB00000010 /* GRDB in Frameworks */ = {isa = PBXBuildFile; productRef = CC0000000002GRDB00000002 /* GRDB */; };
		CC0000000011GRDB00000011 /* GRDB in Frameworks */ = {isa = PBXBuildFile; productRef = CC0000000002GRDB00000002 /* GRDB */; };
		CC0000000012GRDB00000012 /* GRDB in Frameworks */ = {isa = PBXBuildFile; productRef = CC0000000002GRDB00000002 /* GRDB */; };
		CC0000000013GRDB00000013 /* GRDB in Frameworks */ = {isa = PBXBuildFile; productRef = CC0000000002GRDB00000002 /* GRDB */; };
		CC0000000014ZIPF00000014 /* ZIPFoundation in Frameworks */ = {isa = PBXBuildFile; productRef = CC0000000003ZIPF00000003 /* ZIPFoundation */; };
		CC0000000015WHSK00000015 /* WhisperKit in Frameworks */ = {isa = PBXBuildFile; productRef = CC0000000004WHSK00000004 /* WhisperKit */; };
		CC00BC502FA6B66400323F38 /* WidgetKit.framework in Frameworks */ = {isa = PBXBuildFile; fileRef = CC00BC4F2FA6B66400323F38 /* WidgetKit.framework */; };
		CC00BC522FA6B66400323F38 /* SwiftUI.framework in Frameworks */ = {isa = PBXBuildFile; fileRef = CC00BC512FA6B66400323F38 /* SwiftUI.framework */; };
		CC00BC612FA6B66500323F38 /* Orbit Audiobooks WidgetExtension.appex in Embed Foundation Extensions */ = {isa = PBXBuildFile; fileRef = CC00BC4D2FA6B66400323F38 /* Orbit Audiobooks WidgetExtension.appex */; settings = {ATTRIBUTES = (RemoveHeadersOnCopy, ); }; };
		CCC48EBB2FA6AB350003458B /* Orbit Audiobooks Watch App.app in Embed Watch Content */ = {isa = PBXBuildFile; fileRef = CCC48E9B2FA6AB330003458B /* Orbit Audiobooks Watch App.app */; platformFilter = ios; settings = {ATTRIBUTES = (RemoveHeadersOnCopy, ); }; };
/* End PBXBuildFile section */

/* Begin PBXContainerItemProxy section */
		CC00BC5F2FA6B66500323F38 /* PBXContainerItemProxy */ = {
			isa = PBXContainerItemProxy;
			containerPortal = CC08EC512F9522F600206D2F /* Project object */;
			proxyType = 1;
			remoteGlobalIDString = CC00BC4C2FA6B66400323F38;
			remoteInfo = "Orbit Audiobooks WidgetExtension";
		};
		CC08EC672F9522F800206D2F /* PBXContainerItemProxy */ = {
			isa = PBXContainerItemProxy;
			containerPortal = CC08EC512F9522F600206D2F /* Project object */;
			proxyType = 1;
			remoteGlobalIDString = CC08EC582F9522F600206D2F;
			remoteInfo = "Orbit Audiobooks";
		};
		CC08EC712F9522F800206D2F /* PBXContainerItemProxy */ = {
			isa = PBXContainerItemProxy;
			containerPortal = CC08EC512F9522F600206D2F /* Project object */;
			proxyType = 1;
			remoteGlobalIDString = CC08EC582F9522F600206D2F;
			remoteInfo = "Orbit Audiobooks";
		};
		CCC48EA82FA6AB340003458B /* PBXContainerItemProxy */ = {
			isa = PBXContainerItemProxy;
			containerPortal = CC08EC512F9522F600206D2F /* Project object */;
			proxyType = 1;
			remoteGlobalIDString = CCC48E9A2FA6AB330003458B;
			remoteInfo = "Orbit Audiobooks Watch App";
		};
		CCC48EB22FA6AB340003458B /* PBXContainerItemProxy */ = {
			isa = PBXContainerItemProxy;
			containerPortal = CC08EC512F9522F600206D2F /* Project object */;
			proxyType = 1;
			remoteGlobalIDString = CCC48E9A2FA6AB330003458B;
			remoteInfo = "Orbit Audiobooks Watch App";
		};
		CCDFBD502FAFDB11000BEBE2 /* PBXContainerItemProxy */ = {
			isa = PBXContainerItemProxy;
			containerPortal = CC08EC512F9522F600206D2F /* Project object */;
			proxyType = 1;
			remoteGlobalIDString = CCC48E9A2FA6AB330003458B;
			remoteInfo = "Orbit Audiobooks Watch App";
		};
/* End PBXContainerItemProxy section */

/* Begin PBXCopyFilesBuildPhase section */
		CC00BC622FA6B66500323F38 /* Embed Foundation Extensions */ = {
			isa = PBXCopyFilesBuildPhase;
			dstPath = "";
			dstSubfolder = PlugIns;
			files = (
				CC00BC612FA6B66500323F38 /* Orbit Audiobooks WidgetExtension.appex in Embed Foundation Extensions */,
			);
			name = "Embed Foundation Extensions";
		};
		CCC48E8D2FA6AAC30003458B /* Embed Watch Content */ = {
			isa = PBXCopyFilesBuildPhase;
			dstPath = "$(CONTENTS_FOLDER_PATH)/Watch";
			dstSubfolder = Product;
			files = (
				CCC48EBB2FA6AB350003458B /* Orbit Audiobooks Watch App.app in Embed Watch Content */,
			);
			name = "Embed Watch Content";
		};
/* End PBXCopyFilesBuildPhase section */

/* Begin PBXFileReference section */
		AA0100000000000000000001 /* Orbit Audiobooks macOS.app */ = {isa = PBXFileReference; explicitFileType = wrapper.application; includeInIndex = 0; path = "Orbit Audiobooks macOS.app"; sourceTree = BUILT_PRODUCTS_DIR; };
		CC00BC4D2FA6B66400323F38 /* Orbit Audiobooks WidgetExtension.appex */ = {isa = PBXFileReference; explicitFileType = "wrapper.app-extension"; includeInIndex = 0; path = "Orbit Audiobooks WidgetExtension.appex"; sourceTree = BUILT_PRODUCTS_DIR; };
		CC00BC4F2FA6B66400323F38 /* WidgetKit.framework */ = {isa = PBXFileReference; lastKnownFileType = wrapper.framework; name = WidgetKit.framework; path = System/Library/Frameworks/WidgetKit.framework; sourceTree = SDKROOT; };
		CC00BC512FA6B66400323F38 /* SwiftUI.framework */ = {isa = PBXFileReference; lastKnownFileType = wrapper.framework; name = SwiftUI.framework; path = System/Library/Frameworks/SwiftUI.framework; sourceTree = SDKROOT; };
		CC08EC592F9522F600206D2F /* Orbit Audiobooks.app */ = {isa = PBXFileReference; explicitFileType = wrapper.application; includeInIndex = 0; path = "Orbit Audiobooks.app"; sourceTree = BUILT_PRODUCTS_DIR; };
		CC08EC662F9522F800206D2F /* Orbit AudiobooksTests.xctest */ = {isa = PBXFileReference; explicitFileType = wrapper.cfbundle; includeInIndex = 0; path = "Orbit AudiobooksTests.xctest"; sourceTree = BUILT_PRODUCTS_DIR; };
		CC08EC702F9522F800206D2F /* Orbit AudiobooksUITests.xctest */ = {isa = PBXFileReference; explicitFileType = wrapper.cfbundle; includeInIndex = 0; path = "Orbit AudiobooksUITests.xctest"; sourceTree = BUILT_PRODUCTS_DIR; };
		CCC48E9B2FA6AB330003458B /* Orbit Audiobooks Watch App.app */ = {isa = PBXFileReference; explicitFileType = wrapper.application; includeInIndex = 0; path = "Orbit Audiobooks Watch App.app"; sourceTree = BUILT_PRODUCTS_DIR; };
		CCC48EA72FA6AB340003458B /* Orbit Audiobooks Watch AppTests.xctest */ = {isa = PBXFileReference; explicitFileType = wrapper.cfbundle; includeInIndex = 0; path = "Orbit Audiobooks Watch AppTests.xctest"; sourceTree = BUILT_PRODUCTS_DIR; };
		CCC48EB12FA6AB340003458B /* Orbit Audiobooks Watch AppUITests.xctest */ = {isa = PBXFileReference; explicitFileType = wrapper.cfbundle; includeInIndex = 0; path = "Orbit Audiobooks Watch AppUITests.xctest"; sourceTree = BUILT_PRODUCTS_DIR; };
/* End PBXFileReference section */

/* Begin PBXFileSystemSynchronizedBuildFileExceptionSet section */
		AA0100000000000000000011 /* Exceptions for "Orbit Audiobooks macOS" folder in "Orbit Audiobooks macOS" target */ = {
			isa = PBXFileSystemSynchronizedBuildFileExceptionSet;
			membershipExceptions = (
				Info.plist,
			);
			target = AA0100000000000000000020 /* Orbit Audiobooks macOS */;
		};
		CC00BC662FA6B66500323F38 /* Exceptions for "Orbit Audiobooks Widget" folder in "Orbit Audiobooks WidgetExtension" target */ = {
			isa = PBXFileSystemSynchronizedBuildFileExceptionSet;
			membershipExceptions = (
				Info.plist,
			);
			target = CC00BC4C2FA6B66400323F38 /* Orbit Audiobooks WidgetExtension */;
		};
		CC08EC842F95256B00206D2F /* Exceptions for "OrbitAudioBooks" folder in "Orbit Audiobooks" target */ = {
			isa = PBXFileSystemSynchronizedBuildFileExceptionSet;
			membershipExceptions = (
				Info.plist,
			);
			target = CC08EC582F9522F600206D2F /* Orbit Audiobooks */;
		};
		CC33EBB42FB41C610035179D /* Exceptions for "OrbitAudioBooks" folder in "Orbit Audiobooks WidgetExtension" target */ = {
			isa = PBXFileSystemSynchronizedBuildFileExceptionSet;
			membershipExceptions = (
				Views/Bookmarks.swift,
			);
			target = CC00BC4C2FA6B66400323F38 /* Orbit Audiobooks WidgetExtension */;
		};
		CCA11E012FA6C00100323F38 /* Exceptions for "Orbit Audiobooks Watch App" folder in "Orbit Audiobooks Watch App" target */ = {
			isa = PBXFileSystemSynchronizedBuildFileExceptionSet;
			membershipExceptions = (
				Info.plist,
			);
			target = CCC48E9A2FA6AB330003458B /* Orbit Audiobooks Watch App */;
		};
/* End PBXFileSystemSynchronizedBuildFileExceptionSet section */

/* Begin PBXFileSystemSynchronizedRootGroup section */
		AA0100000000000000000010 /* Orbit Audiobooks macOS */ = {
			isa = PBXFileSystemSynchronizedRootGroup;
			exceptions = (
				AA0100000000000000000011 /* Exceptions for "Orbit Audiobooks macOS" folder in "Orbit Audiobooks macOS" target */,
			);
			path = "Orbit Audiobooks macOS";
			sourceTree = "<group>";
		};
		CC00BC532FA6B66400323F38 /* Orbit Audiobooks Widget */ = {
			isa = PBXFileSystemSynchronizedRootGroup;
			exceptions = (
				CC00BC662FA6B66500323F38 /* Exceptions for "Orbit Audiobooks Widget" folder in "Orbit Audiobooks WidgetExtension" target */,
			);
			path = "Orbit Audiobooks Widget";
			sourceTree = "<group>";
		};
		CC08EC5B2F9522F600206D2F /* OrbitAudioBooks */ = {
			isa = PBXFileSystemSynchronizedRootGroup;
			exceptions = (
				CC08EC842F95256B00206D2F /* Exceptions for "OrbitAudioBooks" folder in "Orbit Audiobooks" target */,
				CC33EBB42FB41C610035179D /* Exceptions for "OrbitAudioBooks" folder in "Orbit Audiobooks WidgetExtension" target */,
			);
			path = OrbitAudioBooks;
			sourceTree = "<group>";
		};
		CC08EC692F9522F800206D2F /* Orbit AudiobooksTests */ = {
			isa = PBXFileSystemSynchronizedRootGroup;
			path = "Orbit AudiobooksTests";
			sourceTree = "<group>";
		};
		CC08EC732F9522F800206D2F /* Orbit AudiobooksUITests */ = {
			isa = PBXFileSystemSynchronizedRootGroup;
			path = "Orbit AudiobooksUITests";
			sourceTree = "<group>";
		};
		CCC48E9C2FA6AB330003458B /* Orbit Audiobooks Watch App */ = {
			isa = PBXFileSystemSynchronizedRootGroup;
			exceptions = (
				CCA11E012FA6C00100323F38 /* Exceptions for "Orbit Audiobooks Watch App" folder in "Orbit Audiobooks Watch App" target */,
			);
			path = "Orbit Audiobooks Watch App";
			sourceTree = "<group>";
		};
		CCC48EAA2FA6AB340003458B /* Orbit Audiobooks Watch AppTests */ = {
			isa = PBXFileSystemSynchronizedRootGroup;
			path = "Orbit Audiobooks Watch AppTests";
			sourceTree = "<group>";
		};
		CCC48EB42FA6AB340003458B /* Orbit Audiobooks Watch AppUITests */ = {
			isa = PBXFileSystemSynchronizedRootGroup;
			path = "Orbit Audiobooks Watch AppUITests";
			sourceTree = "<group>";
		};
		DD0100000000000000000001 /* Shared */ = {
			isa = PBXFileSystemSynchronizedRootGroup;
			path = Shared;
			sourceTree = "<group>";
		};
/* End PBXFileSystemSynchronizedRootGroup section */

/* Begin PBXFrameworksBuildPhase section */
		AA0100000000000000000030 /* Frameworks */ = {
			isa = PBXFrameworksBuildPhase;
			files = (
				CC0000000011GRDB00000011 /* GRDB in Frameworks */,
			);
		};
		CC00BC4A2FA6B66400323F38 /* Frameworks */ = {
			isa = PBXFrameworksBuildPhase;
			files = (
				CC00BC522FA6B66400323F38 /* SwiftUI.framework in Frameworks */,
				CC00BC502FA6B66400323F38 /* WidgetKit.framework in Frameworks */,
				CC0000000013GRDB00000013 /* GRDB in Frameworks */,
			);
		};
		CC08EC562F9522F600206D2F /* Frameworks */ = {
			isa = PBXFrameworksBuildPhase;
			files = (
				CC0000000010GRDB00000010 /* GRDB in Frameworks */,
				CC0000000014ZIPF00000014 /* ZIPFoundation in Frameworks */,
				CC0000000015WHSK00000015 /* WhisperKit in Frameworks */,
			);
		};
		CC08EC632F9522F800206D2F /* Frameworks */ = {
			isa = PBXFrameworksBuildPhase;
			files = (
			);
		};
		CC08EC6D2F9522F800206D2F /* Frameworks */ = {
			isa = PBXFrameworksBuildPhase;
			files = (
			);
		};
		CCC48E982FA6AB330003458B /* Frameworks */ = {
			isa = PBXFrameworksBuildPhase;
			files = (
				CC0000000012GRDB00000012 /* GRDB in Frameworks */,
			);
		};
		CCC48EA42FA6AB340003458B /* Frameworks */ = {
			isa = PBXFrameworksBuildPhase;
			files = (
			);
		};
		CCC48EAE2FA6AB340003458B /* Frameworks */ = {
			isa = PBXFrameworksBuildPhase;
			files = (
			);
		};
/* End PBXFrameworksBuildPhase section */

/* Begin PBXGroup section */
		CC00BC4E2FA6B66400323F38 /* Frameworks */ = {
			isa = PBXGroup;
			children = (
				CC00BC4F2FA6B66400323F38 /* WidgetKit.framework */,
				CC00BC512FA6B66400323F38 /* SwiftUI.framework */,
			);
			name = Frameworks;
			sourceTree = "<group>";
		};
		CC08EC502F9522F600206D2F = {
			isa = PBXGroup;
			children = (
				CC08EC5B2F9522F600206D2F /* OrbitAudioBooks */,
				CC08EC692F9522F800206D2F /* Orbit AudiobooksTests */,
				CC08EC732F9522F800206D2F /* Orbit AudiobooksUITests */,
				CCC48E9C2FA6AB330003458B /* Orbit Audiobooks Watch App */,
				CCC48EAA2FA6AB340003458B /* Orbit Audiobooks Watch AppTests */,
				CCC48EB42FA6AB340003458B /* Orbit Audiobooks Watch AppUITests */,
				CC00BC532FA6B66400323F38 /* Orbit Audiobooks Widget */,
				AA0100000000000000000010 /* Orbit Audiobooks macOS */,
				DD0100000000000000000001 /* Shared */,
				CC00BC4E2FA6B66400323F38 /* Frameworks */,
				CC08EC5A2F9522F600206D2F /* Products */,
			);
			sourceTree = "<group>";
		};
		CC08EC5A2F9522F600206D2F /* Products */ = {
			isa = PBXGroup;
			children = (
				CC08EC592F9522F600206D2F /* Orbit Audiobooks.app */,
				CC08EC662F9522F800206D2F /* Orbit AudiobooksTests.xctest */,
				CC08EC702F9522F800206D2F /* Orbit AudiobooksUITests.xctest */,
				CCC48E9B2FA6AB330003458B /* Orbit Audiobooks Watch App.app */,
				CCC48EA72FA6AB340003458B /* Orbit Audiobooks Watch AppTests.xctest */,
				CCC48EB12FA6AB340003458B /* Orbit Audiobooks Watch AppUITests.xctest */,
				CC00BC4D2FA6B66400323F38 /* Orbit Audiobooks WidgetExtension.appex */,
				AA0100000000000000000001 /* Orbit Audiobooks macOS.app */,
			);
			name = Products;
			sourceTree = "<group>";
		};
/* End PBXGroup section */

/* Begin PBXNativeTarget section */
		AA0100000000000000000020 /* Orbit Audiobooks macOS */ = {
			isa = PBXNativeTarget;
			buildConfigurationList = AA0100000000000000000040 /* Build configuration list for PBXNativeTarget "Orbit Audiobooks macOS" */;
			buildPhases = (
				AA0100000000000000000032 /* Sources */,
				AA0100000000000000000030 /* Frameworks */,
				AA0100000000000000000031 /* Resources */,
				AA0100000000000000000033 /* Build and Copy OrbitTranscriptionCLI */,
			);
			buildRules = (
			);
			fileSystemSynchronizedGroups = (
				AA0100000000000000000010 /* Orbit Audiobooks macOS */,
				DD0100000000000000000001 /* Shared */,
			);
			name = "Orbit Audiobooks macOS";
			productName = "Orbit Audiobooks macOS";
			productReference = AA0100000000000000000001 /* Orbit Audiobooks macOS.app */;
			productType = "com.apple.product-type.application";
		};
		CC00BC4C2FA6B66400323F38 /* Orbit Audiobooks WidgetExtension */ = {
			isa = PBXNativeTarget;
			buildConfigurationList = CC00BC652FA6B66500323F38 /* Build configuration list for PBXNativeTarget "Orbit Audiobooks WidgetExtension" */;
			buildPhases = (
				CC00BC492FA6B66400323F38 /* Sources */,
				CC00BC4A2FA6B66400323F38 /* Frameworks */,
				CC00BC4B2FA6B66400323F38 /* Resources */,
			);
			buildRules = (
			);
			fileSystemSynchronizedGroups = (
				CC00BC532FA6B66400323F38 /* Orbit Audiobooks Widget */,
				DD0100000000000000000001 /* Shared */,
			);
			name = "Orbit Audiobooks WidgetExtension";
			productName = "Orbit Audiobooks WidgetExtension";
			productReference = CC00BC4D2FA6B66400323F38 /* Orbit Audiobooks WidgetExtension.appex */;
			productType = "com.apple.product-type.app-extension";
		};
		CC08EC582F9522F600206D2F /* Orbit Audiobooks */ = {
			isa = PBXNativeTarget;
			buildConfigurationList = CC08EC7A2F9522F800206D2F /* Build configuration list for PBXNativeTarget "Orbit Audiobooks" */;
			buildPhases = (
				CC08EC552F9522F600206D2F /* Sources */,
				CC08EC562F9522F600206D2F /* Frameworks */,
				CC08EC572F9522F600206D2F /* Resources */,
				CCC48E8D2FA6AAC30003458B /* Embed Watch Content */,
			);
			buildRules = (
			);
			dependencies = (
				CCDFBD512FAFDB11000BEBE2 /* PBXTargetDependency */,
			);
			fileSystemSynchronizedGroups = (
				CC08EC5B2F9522F600206D2F /* OrbitAudioBooks */,
				DD0100000000000000000001 /* Shared */,
			);
			name = "Orbit Audiobooks";
			productName = "Orbit Audiobooks";
			productReference = CC08EC592F9522F600206D2F /* Orbit Audiobooks.app */;
			productType = "com.apple.product-type.application";
		};
		CC08EC652F9522F800206D2F /* Orbit AudiobooksTests */ = {
			isa = PBXNativeTarget;
			buildConfigurationList = CC08EC7D2F9522F800206D2F /* Build configuration list for PBXNativeTarget "Orbit AudiobooksTests" */;
			buildPhases = (
				CC08EC622F9522F800206D2F /* Sources */,
				CC08EC632F9522F800206D2F /* Frameworks */,
				CC08EC642F9522F800206D2F /* Resources */,
			);
			buildRules = (
			);
			dependencies = (
				CC08EC682F9522F800206D2F /* PBXTargetDependency */,
			);
			fileSystemSynchronizedGroups = (
				CC08EC692F9522F800206D2F /* Orbit AudiobooksTests */,
			);
			name = "Orbit AudiobooksTests";
			productName = "Orbit AudiobooksTests";
			productReference = CC08EC662F9522F800206D2F /* Orbit AudiobooksTests.xctest */;
			productType = "com.apple.product-type.bundle.unit-test";
		};
		CC08EC6F2F9522F800206D2F /* Orbit AudiobooksUITests */ = {
			isa = PBXNativeTarget;
			buildConfigurationList = CC08EC802F9522F800206D2F /* Build configuration list for PBXNativeTarget "Orbit AudiobooksUITests" */;
			buildPhases = (
				CC08EC6C2F9522F800206D2F /* Sources */,
				CC08EC6D2F9522F800206D2F /* Frameworks */,
				CC08EC6E2F9522F800206D2F /* Resources */,
			);
			buildRules = (
			);
			dependencies = (
				CC08EC722F9522F800206D2F /* PBXTargetDependency */,
			);
			fileSystemSynchronizedGroups = (
				CC08EC732F9522F800206D2F /* Orbit AudiobooksUITests */,
			);
			name = "Orbit AudiobooksUITests";
			productName = "Orbit AudiobooksUITests";
			productReference = CC08EC702F9522F800206D2F /* Orbit AudiobooksUITests.xctest */;
			productType = "com.apple.product-type.bundle.ui-testing";
		};
		CCC48E9A2FA6AB330003458B /* Orbit Audiobooks Watch App */ = {
			isa = PBXNativeTarget;
			buildConfigurationList = CCC48EBC2FA6AB350003458B /* Build configuration list for PBXNativeTarget "Orbit Audiobooks Watch App" */;
			buildPhases = (
				CCC48E972FA6AB330003458B /* Sources */,
				CCC48E982FA6AB330003458B /* Frameworks */,
				CCC48E992FA6AB330003458B /* Resources */,
				CC00BC622FA6B66500323F38 /* Embed Foundation Extensions */,
			);
			buildRules = (
			);
			dependencies = (
				CC00BC602FA6B66500323F38 /* PBXTargetDependency */,
			);
			fileSystemSynchronizedGroups = (
				CCC48E9C2FA6AB330003458B /* Orbit Audiobooks Watch App */,
				DD0100000000000000000001 /* Shared */,
			);
			name = "Orbit Audiobooks Watch App";
			productName = "Orbit Audiobooks Watch App";
			productReference = CCC48E9B2FA6AB330003458B /* Orbit Audiobooks Watch App.app */;
			productType = "com.apple.product-type.application";
		};
		CCC48EA62FA6AB340003458B /* Orbit Audiobooks Watch AppTests */ = {
			isa = PBXNativeTarget;
			buildConfigurationList = CCC48EBF2FA6AB350003458B /* Build configuration list for PBXNativeTarget "Orbit Audiobooks Watch AppTests" */;
			buildPhases = (
				CCC48EA32FA6AB340003458B /* Sources */,
				CCC48EA42FA6AB340003458B /* Frameworks */,
				CCC48EA52FA6AB340003458B /* Resources */,
			);
			buildRules = (
			);
			dependencies = (
				CCC48EA92FA6AB340003458B /* PBXTargetDependency */,
			);
			fileSystemSynchronizedGroups = (
				CCC48EAA2FA6AB340003458B /* Orbit Audiobooks Watch AppTests */,
			);
			name = "Orbit Audiobooks Watch AppTests";
			productName = "Orbit Audiobooks Watch AppTests";
			productReference = CCC48EA72FA6AB340003458B /* Orbit Audiobooks Watch AppTests.xctest */;
			productType = "com.apple.product-type.bundle.unit-test";
		};
		CCC48EB02FA6AB340003458B /* Orbit Audiobooks Watch AppUITests */ = {
			isa = PBXNativeTarget;
			buildConfigurationList = CCC48EC22FA6AB350003458B /* Build configuration list for PBXNativeTarget "Orbit Audiobooks Watch AppUITests" */;
			buildPhases = (
				CCC48EAD2FA6AB340003458B /* Sources */,
				CCC48EAE2FA6AB340003458B /* Frameworks */,
				CCC48EAF2FA6AB340003458B /* Resources */,
			);
			buildRules = (
			);
			dependencies = (
				CCC48EB32FA6AB340003458B /* PBXTargetDependency */,
			);
			fileSystemSynchronizedGroups = (
				CCC48EB42FA6AB340003458B /* Orbit Audiobooks Watch AppUITests */,
			);
			name = "Orbit Audiobooks Watch AppUITests";
			productName = "Orbit Audiobooks Watch AppUITests";
			productReference = CCC48EB12FA6AB340003458B /* Orbit Audiobooks Watch AppUITests.xctest */;
			productType = "com.apple.product-type.bundle.ui-testing";
		};
/* End PBXNativeTarget section */

/* Begin PBXProject section */
		CC08EC512F9522F600206D2F /* Project object */ = {
			isa = PBXProject;
			attributes = {
				BuildIndependentTargetsInParallel = 1;
				LastSwiftUpdateCheck = 2640;
				LastUpgradeCheck = 2650;
				TargetAttributes = {
					CC00BC4C2FA6B66400323F38 = {
						CreatedOnToolsVersion = 26.4.1;
					};
					CC08EC582F9522F600206D2F = {
						CreatedOnToolsVersion = 26.4.1;
					};
					CC08EC652F9522F800206D2F = {
						CreatedOnToolsVersion = 26.4.1;
						TestTargetID = CC08EC582F9522F600206D2F;
					};
					CC08EC6F2F9522F800206D2F = {
						CreatedOnToolsVersion = 26.4.1;
						TestTargetID = CC08EC582F9522F600206D2F;
					};
					CCC48E9A2FA6AB330003458B = {
						CreatedOnToolsVersion = 26.4.1;
					};
					CCC48EA62FA6AB340003458B = {
						CreatedOnToolsVersion = 26.4.1;
						TestTargetID = CCC48E9A2FA6AB330003458B;
					};
					CCC48EB02FA6AB340003458B = {
						CreatedOnToolsVersion = 26.4.1;
						TestTargetID = CCC48E9A2FA6AB330003458B;
					};
				};
			};
			buildConfigurationList = CC08EC542F9522F600206D2F /* Build configuration list for PBXProject "Orbit Audiobooks" */;
			developmentRegion = en;
			hasScannedForEncodings = 0;
			knownRegions = (
				en,
				Base,
			);
			mainGroup = CC08EC502F9522F600206D2F;
			minimizedProjectReferenceProxies = 1;
			packageReferences = (
				CC0000000001GRDB00000001 /* XCRemoteSwiftPackageReference "GRDB.swift" */,
				CC0000000002ZIPF00000002 /* XCRemoteSwiftPackageReference "ZIPFoundation" */,
				CC0000000003WHSK00000003 /* XCRemoteSwiftPackageReference "WhisperKit" */,
			);
			preferredProjectObjectVersion = 100;
			productRefGroup = CC08EC5A2F9522F600206D2F /* Products */;
			projectDirPath = "";
			projectRoot = "";
			targets = (
				CC08EC582F9522F600206D2F /* Orbit Audiobooks */,
				CC08EC652F9522F800206D2F /* Orbit AudiobooksTests */,
				CC08EC6F2F9522F800206D2F /* Orbit AudiobooksUITests */,
				CCC48E9A2FA6AB330003458B /* Orbit Audiobooks Watch App */,
				CCC48EA62FA6AB340003458B /* Orbit Audiobooks Watch AppTests */,
				CCC48EB02FA6AB340003458B /* Orbit Audiobooks Watch AppUITests */,
				CC00BC4C2FA6B66400323F38 /* Orbit Audiobooks WidgetExtension */,
				AA0100000000000000000020 /* Orbit Audiobooks macOS */,
			);
		};
/* End PBXProject section */

/* Begin PBXResourcesBuildPhase section */
		AA0100000000000000000031 /* Resources */ = {
			isa = PBXResourcesBuildPhase;
			files = (
			);
		};
		CC00BC4B2FA6B66400323F38 /* Resources */ = {
			isa = PBXResourcesBuildPhase;
			files = (
			);
		};
		CC08EC572F9522F600206D2F /* Resources */ = {
			isa = PBXResourcesBuildPhase;
			files = (
			);
		};
		CC08EC642F9522F800206D2F /* Resources */ = {
			isa = PBXResourcesBuildPhase;
			files = (
			);
		};
		CC08EC6E2F9522F800206D2F /* Resources */ = {
			isa = PBXResourcesBuildPhase;
			files = (
			);
		};
		CCC48E992FA6AB330003458B /* Resources */ = {
			isa = PBXResourcesBuildPhase;
			files = (
			);
		};
		CCC48EA52FA6AB340003458B /* Resources */ = {
			isa = PBXResourcesBuildPhase;
			files = (
			);
		};
		CCC48EAF2FA6AB340003458B /* Resources */ = {
			isa = PBXResourcesBuildPhase;
			files = (
			);
		};
/* End PBXResourcesBuildPhase section */

/* Begin PBXShellScriptBuildPhase section */
		AA0100000000000000000033 /* Build and Copy OrbitTranscriptionCLI */ = {
			isa = PBXShellScriptBuildPhase;
			alwaysOutOfDate = 1;
			inputPaths = (
				"$(SRCROOT)/Tools/OrbitTranscriptionCLI/Package.swift",
				"$(SRCROOT)/Tools/OrbitTranscriptionCLI/Sources/OrbitTranscriptionCLI/OrbitTranscriptionCLI.swift",
				"$(SRCROOT)/Tools/OrbitTranscriptionCLI/Sources/OrbitTranscriptionCLI/TranscriptionCLIEvent.swift",
			);
			name = "Build and Copy OrbitTranscriptionCLI";
			outputPaths = (
				"$(TARGET_BUILD_DIR)/$(CONTENTS_FOLDER_PATH)/MacOS/OrbitTranscriptionCLI",
			);
			shellPath = /bin/sh;
			shellScript = (
				"set -euo pipefail",
				"",
				"CLI_PACKAGE=\"${SRCROOT}/Tools/OrbitTranscriptionCLI\"",
				"BUILD_CONFIG=$(printf '%s' \"${CONFIGURATION}\" | tr '[:upper:]' '[:lower:]')",
				"DEST_DIR=\"${TARGET_BUILD_DIR}/${CONTENTS_FOLDER_PATH}/MacOS\"",
				"DEST=\"${DEST_DIR}/OrbitTranscriptionCLI\"",
				"",
				"/usr/bin/swift build --package-path \"${CLI_PACKAGE}\" -c \"${BUILD_CONFIG}\"",
				"mkdir -p \"${DEST_DIR}\"",
				"cp \"${CLI_PACKAGE}/.build/${BUILD_CONFIG}/OrbitTranscriptionCLI\" \"${DEST}\"",
				"chmod +x \"${DEST}\"",
				"",
				"if [ -n \"${EXPANDED_CODE_SIGN_IDENTITY:-}\" ]; then",
				"    /usr/bin/codesign --force --sign \"${EXPANDED_CODE_SIGN_IDENTITY}\" --timestamp=none \"${DEST}\"",
				"fi",
				"",
			);
		};
/* End PBXShellScriptBuildPhase section */

/* Begin PBXSourcesBuildPhase section */
		AA0100000000000000000032 /* Sources */ = {
			isa = PBXSourcesBuildPhase;
			files = (
			);
		};
		CC00BC492FA6B66400323F38 /* Sources */ = {
			isa = PBXSourcesBuildPhase;
			files = (
			);
		};
		CC08EC552F9522F600206D2F /* Sources */ = {
			isa = PBXSourcesBuildPhase;
			files = (
			);
		};
		CC08EC622F9522F800206D2F /* Sources */ = {
			isa = PBXSourcesBuildPhase;
			files = (
			);
		};
		CC08EC6C2F9522F800206D2F /* Sources */ = {
			isa = PBXSourcesBuildPhase;
			files = (
			);
		};
		CCC48E972FA6AB330003458B /* Sources */ = {
			isa = PBXSourcesBuildPhase;
			files = (
			);
		};
		CCC48EA32FA6AB340003458B /* Sources */ = {
			isa = PBXSourcesBuildPhase;
			files = (
			);
		};
		CCC48EAD2FA6AB340003458B /* Sources */ = {
			isa = PBXSourcesBuildPhase;
			files = (
			);
		};
/* End PBXSourcesBuildPhase section */

/* Begin PBXTargetDependency section */
		CC00BC602FA6B66500323F38 /* PBXTargetDependency */ = {
			isa = PBXTargetDependency;
			target = CC00BC4C2FA6B66400323F38 /* Orbit Audiobooks WidgetExtension */;
			targetProxy = CC00BC5F2FA6B66500323F38 /* PBXContainerItemProxy */;
		};
		CC08EC682F9522F800206D2F /* PBXTargetDependency */ = {
			isa = PBXTargetDependency;
			target = CC08EC582F9522F600206D2F /* Orbit Audiobooks */;
			targetProxy = CC08EC672F9522F800206D2F /* PBXContainerItemProxy */;
		};
		CC08EC722F9522F800206D2F /* PBXTargetDependency */ = {
			isa = PBXTargetDependency;
			target = CC08EC582F9522F600206D2F /* Orbit Audiobooks */;
			targetProxy = CC08EC712F9522F800206D2F /* PBXContainerItemProxy */;
		};
		CCC48EA92FA6AB340003458B /* PBXTargetDependency */ = {
			isa = PBXTargetDependency;
			target = CCC48E9A2FA6AB330003458B /* Orbit Audiobooks Watch App */;
			targetProxy = CCC48EA82FA6AB340003458B /* PBXContainerItemProxy */;
		};
		CCC48EB32FA6AB340003458B /* PBXTargetDependency */ = {
			isa = PBXTargetDependency;
			target = CCC48E9A2FA6AB330003458B /* Orbit Audiobooks Watch App */;
			targetProxy = CCC48EB22FA6AB340003458B /* PBXContainerItemProxy */;
		};
		CCDFBD512FAFDB11000BEBE2 /* PBXTargetDependency */ = {
			isa = PBXTargetDependency;
			platformFilter = ios;
			target = CCC48E9A2FA6AB330003458B /* Orbit Audiobooks Watch App */;
			targetProxy = CCDFBD502FAFDB11000BEBE2 /* PBXContainerItemProxy */;
		};
/* End PBXTargetDependency section */

/* Begin XCBuildConfiguration section */
		AA01000000000000000000A6 /* Debug configuration for PBXNativeTarget "Orbit Audiobooks macOS" */ = {
			isa = XCBuildConfiguration;
			buildSettings = {
				ASSETCATALOG_COMPILER_APPICON_NAME = AppIcon;
				ASSETCATALOG_COMPILER_GLOBAL_ACCENT_COLOR_NAME = AccentColor;
				CODE_SIGN_ENTITLEMENTS = "Orbit Audiobooks macOS/Orbit_Audiobooks_macOS.entitlements";
				CODE_SIGN_STYLE = Automatic;
				COMBINE_HIDPI_IMAGES = YES;
				CURRENT_PROJECT_VERSION = 8;
				DEAD_CODE_STRIPPING = YES;
				DEVELOPMENT_TEAM = 8AXNA5B37R;
				ENABLE_APP_SANDBOX = YES;
				ENABLE_HARDENED_RUNTIME = YES;
				ENABLE_OUTGOING_NETWORK_CONNECTIONS = YES;
				ENABLE_PREVIEWS = YES;
				ENABLE_USER_SCRIPT_SANDBOXING = NO;
				ENABLE_USER_SELECTED_FILES = readwrite;
				GENERATE_INFOPLIST_FILE = YES;
				INFOPLIST_FILE = "Orbit Audiobooks macOS/Info.plist";
				INFOPLIST_KEY_CFBundleDisplayName = "Orbit AudioBooks";
				INFOPLIST_KEY_LSApplicationCategoryType = "public.app-category.books";
				INFOPLIST_KEY_NSHumanReadableCopyright = "";
				LD_RUNPATH_SEARCH_PATHS = (
					"$(inherited)",
					"@executable_path/../Frameworks",
				);
				MACOSX_DEPLOYMENT_TARGET = 26.3;
				MARKETING_VERSION = 0.6;
				PRODUCT_BUNDLE_IDENTIFIER = com.orbit.audiobooks.macos;
				PRODUCT_NAME = "$(TARGET_NAME)";
				SDKROOT = macosx;
				STRING_CATALOG_GENERATE_SYMBOLS = YES;
				SUPPORTED_PLATFORMS = macosx;
				SWIFT_APPROACHABLE_CONCURRENCY = YES;
				SWIFT_EMIT_LOC_STRINGS = YES;
				SWIFT_UPCOMING_FEATURE_MEMBER_IMPORT_VISIBILITY = YES;
				SWIFT_VERSION = 5.0;
				VERSIONING_SYSTEM = "apple-generic";
			};
			name = Debug;
		};
		AA01000000000000000000A7 /* Release configuration for PBXNativeTarget "Orbit Audiobooks macOS" */ = {
			isa = XCBuildConfiguration;
			buildSettings = {
				ASSETCATALOG_COMPILER_APPICON_NAME = AppIcon;
				ASSETCATALOG_COMPILER_GLOBAL_ACCENT_COLOR_NAME = AccentColor;
				CODE_SIGN_ENTITLEMENTS = "Orbit Audiobooks macOS/Orbit_Audiobooks_macOS.entitlements";
				CODE_SIGN_STYLE = Automatic;
				COMBINE_HIDPI_IMAGES = YES;
				CURRENT_PROJECT_VERSION = 8;
				DEAD_CODE_STRIPPING = YES;
				DEVELOPMENT_TEAM = 8AXNA5B37R;
				ENABLE_APP_SANDBOX = YES;
				ENABLE_HARDENED_RUNTIME = YES;
				ENABLE_OUTGOING_NETWORK_CONNECTIONS = YES;
				ENABLE_PREVIEWS = YES;
				ENABLE_USER_SCRIPT_SANDBOXING = NO;
				ENABLE_USER_SELECTED_FILES = readwrite;
				GENERATE_INFOPLIST_FILE = YES;
				INFOPLIST_FILE = "Orbit Audiobooks macOS/Info.plist";
				INFOPLIST_KEY_CFBundleDisplayName = "Orbit AudioBooks";
				INFOPLIST_KEY_LSApplicationCategoryType = "public.app-category.books";
				INFOPLIST_KEY_NSHumanReadableCopyright = "";
				LD_RUNPATH_SEARCH_PATHS = (
					"$(inherited)",
					"@executable_path/../Frameworks",
				);
				MACOSX_DEPLOYMENT_TARGET = 26.3;
				MARKETING_VERSION = 0.6;
				PRODUCT_BUNDLE_IDENTIFIER = com.orbit.audiobooks.macos;
				PRODUCT_NAME = "$(TARGET_NAME)";
				SDKROOT = macosx;
				STRING_CATALOG_GENERATE_SYMBOLS = YES;
				SUPPORTED_PLATFORMS = macosx;
				SWIFT_APPROACHABLE_CONCURRENCY = YES;
				SWIFT_EMIT_LOC_STRINGS = YES;
				SWIFT_UPCOMING_FEATURE_MEMBER_IMPORT_VISIBILITY = YES;
				SWIFT_VERSION = 5.0;
				VALIDATE_PRODUCT = YES;
				VERSIONING_SYSTEM = "apple-generic";
			};
			name = Release;
		};
		CC00BC632FA6B66500323F38 /* Debug configuration for PBXNativeTarget "Orbit Audiobooks WidgetExtension" */ = {
			isa = XCBuildConfiguration;
			buildSettings = {
				ASSETCATALOG_COMPILER_GLOBAL_ACCENT_COLOR_NAME = AccentColor;
				ASSETCATALOG_COMPILER_WIDGET_BACKGROUND_COLOR_NAME = WidgetBackground;
				CODE_SIGN_ENTITLEMENTS = "Orbit Audiobooks.entitlements";
				CODE_SIGN_STYLE = Automatic;
				CURRENT_PROJECT_VERSION = 8;
				DEVELOPMENT_TEAM = 8AXNA5B37R;
				GENERATE_INFOPLIST_FILE = YES;
				INFOPLIST_FILE = "Orbit Audiobooks Widget/Info.plist";
				INFOPLIST_KEY_CFBundleDisplayName = "Orbit AudioBooks Widget";
				INFOPLIST_KEY_NSHumanReadableCopyright = "";
				LD_RUNPATH_SEARCH_PATHS = (
					"$(inherited)",
					"@executable_path/Frameworks",
					"@executable_path/../../Frameworks",
					"@executable_path/../../../../Frameworks",
				);
				MARKETING_VERSION = 0.6;
				PRODUCT_BUNDLE_IDENTIFIER = com.orbit.audiobooks.watchkitapp.widget;
				PRODUCT_NAME = "$(TARGET_NAME)";
				SDKROOT = watchos;
				SKIP_INSTALL = YES;
				STRING_CATALOG_GENERATE_SYMBOLS = YES;
				SWIFT_APPROACHABLE_CONCURRENCY = YES;
				SWIFT_EMIT_LOC_STRINGS = YES;
				SWIFT_UPCOMING_FEATURE_MEMBER_IMPORT_VISIBILITY = YES;
				SWIFT_VERSION = 5.0;
				TARGETED_DEVICE_FAMILY = 4;
				VERSIONING_SYSTEM = "apple-generic";
				WATCHOS_DEPLOYMENT_TARGET = 26.4;
			};
			name = Debug;
		};
		CC00BC642FA6B66500323F38 /* Release configuration for PBXNativeTarget "Orbit Audiobooks WidgetExtension" */ = {
			isa = XCBuildConfiguration;
			buildSettings = {
				ASSETCATALOG_COMPILER_GLOBAL_ACCENT_COLOR_NAME = AccentColor;
				ASSETCATALOG_COMPILER_WIDGET_BACKGROUND_COLOR_NAME = WidgetBackground;
				CODE_SIGN_ENTITLEMENTS = "Orbit Audiobooks.entitlements";
				CODE_SIGN_STYLE = Automatic;
				CURRENT_PROJECT_VERSION = 8;
				DEVELOPMENT_TEAM = 8AXNA5B37R;
				GENERATE_INFOPLIST_FILE = YES;
				INFOPLIST_FILE = "Orbit Audiobooks Widget/Info.plist";
				INFOPLIST_KEY_CFBundleDisplayName = "Orbit AudioBooks Widget";
				INFOPLIST_KEY_NSHumanReadableCopyright = "";
				LD_RUNPATH_SEARCH_PATHS = (
					"$(inherited)",
					"@executable_path/Frameworks",
					"@executable_path/../../Frameworks",
					"@executable_path/../../../../Frameworks",
				);
				MARKETING_VERSION = 0.6;
				PRODUCT_BUNDLE_IDENTIFIER = com.orbit.audiobooks.watchkitapp.widget;
				PRODUCT_NAME = "$(TARGET_NAME)";
				SDKROOT = watchos;
				SKIP_INSTALL = YES;
				STRING_CATALOG_GENERATE_SYMBOLS = YES;
				SWIFT_APPROACHABLE_CONCURRENCY = YES;
				SWIFT_EMIT_LOC_STRINGS = YES;
				SWIFT_UPCOMING_FEATURE_MEMBER_IMPORT_VISIBILITY = YES;
				SWIFT_VERSION = 5.0;
				TARGETED_DEVICE_FAMILY = 4;
				VALIDATE_PRODUCT = YES;
				VERSIONING_SYSTEM = "apple-generic";
				WATCHOS_DEPLOYMENT_TARGET = 26.4;
			};
			name = Release;
		};
		CC08EC782F9522F800206D2F /* Debug configuration for PBXProject "Orbit Audiobooks" */ = {
			isa = XCBuildConfiguration;
			buildSettings = {
				ALWAYS_SEARCH_USER_PATHS = NO;
				ASSETCATALOG_COMPILER_GENERATE_SWIFT_ASSET_SYMBOL_EXTENSIONS = YES;
				CLANG_ANALYZER_NONNULL = YES;
				CLANG_ANALYZER_NUMBER_OBJECT_CONVERSION = YES_AGGRESSIVE;
				CLANG_CXX_LANGUAGE_STANDARD = "gnu++20";
				CLANG_ENABLE_MODULES = YES;
				CLANG_ENABLE_OBJC_ARC = YES;
				CLANG_ENABLE_OBJC_WEAK = YES;
				CLANG_WARN_BLOCK_CAPTURE_AUTORELEASING = YES;
				CLANG_WARN_BOOL_CONVERSION = YES;
				CLANG_WARN_COMMA = YES;
				CLANG_WARN_CONSTANT_CONVERSION = YES;
				CLANG_WARN_DEPRECATED_OBJC_IMPLEMENTATIONS = YES;
				CLANG_WARN_DIRECT_OBJC_ISA_USAGE = YES_ERROR;
				CLANG_WARN_DOCUMENTATION_COMMENTS = YES;
				CLANG_WARN_EMPTY_BODY = YES;
				CLANG_WARN_ENUM_CONVERSION = YES;
				CLANG_WARN_INFINITE_RECURSION = YES;
				CLANG_WARN_INT_CONVERSION = YES;
				CLANG_WARN_NON_LITERAL_NULL_CONVERSION = YES;
				CLANG_WARN_OBJC_IMPLICIT_RETAIN_SELF = YES;
				CLANG_WARN_OBJC_LITERAL_CONVERSION = YES;
				CLANG_WARN_OBJC_ROOT_CLASS = YES_ERROR;
				CLANG_WARN_QUOTED_INCLUDE_IN_FRAMEWORK_HEADER = YES;
				CLANG_WARN_RANGE_LOOP_ANALYSIS = YES;
				CLANG_WARN_STRICT_PROTOTYPES = YES;
				CLANG_WARN_SUSPICIOUS_MOVE = YES;
				CLANG_WARN_UNGUARDED_AVAILABILITY = YES_AGGRESSIVE;
				CLANG_WARN_UNREACHABLE_CODE = YES;
				CLANG_WARN__DUPLICATE_METHOD_MATCH = YES;
				COPY_PHASE_STRIP = NO;
				DEAD_CODE_STRIPPING = YES;
				DEBUG_INFORMATION_FORMAT = dwarf;
				DEVELOPMENT_TEAM = 8AXNA5B37R;
				ENABLE_STRICT_OBJC_MSGSEND = YES;
				ENABLE_TESTABILITY = YES;
				ENABLE_USER_SCRIPT_SANDBOXING = YES;
				GCC_C_LANGUAGE_STANDARD = gnu17;
				GCC_DYNAMIC_NO_PIC = NO;
				GCC_NO_COMMON_BLOCKS = YES;
				GCC_OPTIMIZATION_LEVEL = 0;
				GCC_PREPROCESSOR_DEFINITIONS = (
					"DEBUG=1",
					"$(inherited)",
				);
				GCC_WARN_64_TO_32_BIT_CONVERSION = YES;
				GCC_WARN_ABOUT_RETURN_TYPE = YES_ERROR;
				GCC_WARN_UNDECLARED_SELECTOR = YES;
				GCC_WARN_UNINITIALIZED_AUTOS = YES_AGGRESSIVE;
				GCC_WARN_UNUSED_FUNCTION = YES;
				GCC_WARN_UNUSED_VARIABLE = YES;
				LOCALIZATION_PREFERS_STRING_CATALOGS = YES;
				MTL_ENABLE_DEBUG_INFO = INCLUDE_SOURCE;
				MTL_FAST_MATH = YES;
				ONLY_ACTIVE_ARCH = YES;
				STRING_CATALOG_GENERATE_SYMBOLS = YES;
				SWIFT_ACTIVE_COMPILATION_CONDITIONS = "DEBUG $(inherited)";
				SWIFT_OPTIMIZATION_LEVEL = "-Onone";
			};
			name = Debug;
		};
		CC08EC792F9522F800206D2F /* Release configuration for PBXProject "Orbit Audiobooks" */ = {
			isa = XCBuildConfiguration;
			buildSettings = {
				ALWAYS_SEARCH_USER_PATHS = NO;
				ASSETCATALOG_COMPILER_GENERATE_SWIFT_ASSET_SYMBOL_EXTENSIONS = YES;
				CLANG_ANALYZER_NONNULL = YES;
				CLANG_ANALYZER_NUMBER_OBJECT_CONVERSION = YES_AGGRESSIVE;
				CLANG_CXX_LANGUAGE_STANDARD = "gnu++20";
				CLANG_ENABLE_MODULES = YES;
				CLANG_ENABLE_OBJC_ARC = YES;
				CLANG_ENABLE_OBJC_WEAK = YES;
				CLANG_WARN_BLOCK_CAPTURE_AUTORELEASING = YES;
				CLANG_WARN_BOOL_CONVERSION = YES;
				CLANG_WARN_COMMA = YES;
				CLANG_WARN_CONSTANT_CONVERSION = YES;
				CLANG_WARN_DEPRECATED_OBJC_IMPLEMENTATIONS = YES;
				CLANG_WARN_DIRECT_OBJC_ISA_USAGE = YES_ERROR;
				CLANG_WARN_DOCUMENTATION_COMMENTS = YES;
				CLANG_WARN_EMPTY_BODY = YES;
				CLANG_WARN_ENUM_CONVERSION = YES;
				CLANG_WARN_INFINITE_RECURSION = YES;
				CLANG_WARN_INT_CONVERSION = YES;
				CLANG_WARN_NON_LITERAL_NULL_CONVERSION = YES;
				CLANG_WARN_OBJC_IMPLICIT_RETAIN_SELF = YES;
				CLANG_WARN_OBJC_LITERAL_CONVERSION = YES;
				CLANG_WARN_OBJC_ROOT_CLASS = YES_ERROR;
				CLANG_WARN_QUOTED_INCLUDE_IN_FRAMEWORK_HEADER = YES;
				CLANG_WARN_RANGE_LOOP_ANALYSIS = YES;
				CLANG_WARN_STRICT_PROTOTYPES = YES;
				CLANG_WARN_SUSPICIOUS_MOVE = YES;
				CLANG_WARN_UNGUARDED_AVAILABILITY = YES_AGGRESSIVE;
				CLANG_WARN_UNREACHABLE_CODE = YES;
				CLANG_WARN__DUPLICATE_METHOD_MATCH = YES;
				COPY_PHASE_STRIP = NO;
				DEAD_CODE_STRIPPING = YES;
				DEBUG_INFORMATION_FORMAT = "dwarf-with-dsym";
				DEVELOPMENT_TEAM = 8AXNA5B37R;
				ENABLE_NS_ASSERTIONS = NO;
				ENABLE_STRICT_OBJC_MSGSEND = YES;
				ENABLE_USER_SCRIPT_SANDBOXING = YES;
				GCC_C_LANGUAGE_STANDARD = gnu17;
				GCC_NO_COMMON_BLOCKS = YES;
				GCC_WARN_64_TO_32_BIT_CONVERSION = YES;
				GCC_WARN_ABOUT_RETURN_TYPE = YES_ERROR;
				GCC_WARN_UNDECLARED_SELECTOR = YES;
				GCC_WARN_UNINITIALIZED_AUTOS = YES_AGGRESSIVE;
				GCC_WARN_UNUSED_FUNCTION = YES;
				GCC_WARN_UNUSED_VARIABLE = YES;
				LOCALIZATION_PREFERS_STRING_CATALOGS = YES;
				MTL_ENABLE_DEBUG_INFO = NO;
				MTL_FAST_MATH = YES;
				STRING_CATALOG_GENERATE_SYMBOLS = YES;
				SWIFT_COMPILATION_MODE = wholemodule;
			};
			name = Release;
		};
		CC08EC7B2F9522F800206D2F /* Debug configuration for PBXNativeTarget "Orbit Audiobooks" */ = {
			isa = XCBuildConfiguration;
			buildSettings = {
				ASSETCATALOG_COMPILER_APPICON_NAME = AppIcon;
				ASSETCATALOG_COMPILER_GLOBAL_ACCENT_COLOR_NAME = AccentColor;
				CODE_SIGN_ENTITLEMENTS = OrbitAudioBooks/OrbitAudioBooks.entitlements;
				CODE_SIGN_STYLE = Automatic;
				CURRENT_PROJECT_VERSION = 9;
				DEVELOPMENT_ASSET_PATHS = "OrbitAudioBooks/Development\\ Assets";
				DEVELOPMENT_TEAM = 8AXNA5B37R;
				ENABLE_PREVIEWS = YES;
				GENERATE_INFOPLIST_FILE = YES;
				INFOPLIST_FILE = OrbitAudioBooks/Info.plist;
				INFOPLIST_KEY_CFBundleDisplayName = "Orbit AudioBooks";
				INFOPLIST_KEY_LSApplicationCategoryType = "public.app-category.books";
				INFOPLIST_KEY_UIApplicationSceneManifest_Generation = YES;
				INFOPLIST_KEY_UIApplicationSupportsIndirectInputEvents = YES;
				INFOPLIST_KEY_UIBackgroundModes = audio;
				INFOPLIST_KEY_UILaunchScreen_Generation = YES;
				INFOPLIST_KEY_UIStatusBarStyle = UIStatusBarStyleDefault;
				INFOPLIST_KEY_UISupportedInterfaceOrientations = UIInterfaceOrientationPortrait;
				INFOPLIST_KEY_UISupportedInterfaceOrientations_iPad = "UIInterfaceOrientationLandscapeLeft UIInterfaceOrientationLandscapeRight UIInterfaceOrientationPortrait UIInterfaceOrientationPortraitUpsideDown";
				IPHONEOS_DEPLOYMENT_TARGET = 26.4;
				LD_RUNPATH_SEARCH_PATHS = "@executable_path/Frameworks";
				MARKETING_VERSION = 0.6;
				PRODUCT_BUNDLE_IDENTIFIER = com.orbit.audiobooks;
				PRODUCT_NAME = "$(TARGET_NAME)";
				REGISTER_APP_GROUPS = YES;
				SDKROOT = iphoneos;
				STRING_CATALOG_GENERATE_SYMBOLS = YES;
				SUPPORTED_PLATFORMS = "iphoneos iphonesimulator";
				SWIFT_APPROACHABLE_CONCURRENCY = YES;
				SWIFT_DEFAULT_ACTOR_ISOLATION = MainActor;
				SWIFT_EMIT_LOC_STRINGS = YES;
				SWIFT_UPCOMING_FEATURE_MEMBER_IMPORT_VISIBILITY = YES;
				SWIFT_VERSION = 5.0;
				TARGETED_DEVICE_FAMILY = "1,2";
				VERSIONING_SYSTEM = "apple-generic";
			};
			name = Debug;
		};
		CC08EC7C2F9522F800206D2F /* Release configuration for PBXNativeTarget "Orbit Audiobooks" */ = {
			isa = XCBuildConfiguration;
			buildSettings = {
				ASSETCATALOG_COMPILER_APPICON_NAME = AppIcon;
				ASSETCATALOG_COMPILER_GLOBAL_ACCENT_COLOR_NAME = AccentColor;
				CODE_SIGN_ENTITLEMENTS = OrbitAudioBooks/OrbitAudioBooks.entitlements;
				CODE_SIGN_STYLE = Automatic;
				CURRENT_PROJECT_VERSION = 9;
				DEVELOPMENT_ASSET_PATHS = "OrbitAudioBooks/Development\\ Assets";
				DEVELOPMENT_TEAM = 8AXNA5B37R;
				ENABLE_PREVIEWS = YES;
				GENERATE_INFOPLIST_FILE = YES;
				INFOPLIST_FILE = OrbitAudioBooks/Info.plist;
				INFOPLIST_KEY_CFBundleDisplayName = "Orbit AudioBooks";
				INFOPLIST_KEY_LSApplicationCategoryType = "public.app-category.books";
				INFOPLIST_KEY_UIApplicationSceneManifest_Generation = YES;
				INFOPLIST_KEY_UIApplicationSupportsIndirectInputEvents = YES;
				INFOPLIST_KEY_UIBackgroundModes = audio;
				INFOPLIST_KEY_UILaunchScreen_Generation = YES;
				INFOPLIST_KEY_UIStatusBarStyle = UIStatusBarStyleDefault;
				INFOPLIST_KEY_UISupportedInterfaceOrientations = UIInterfaceOrientationPortrait;
				INFOPLIST_KEY_UISupportedInterfaceOrientations_iPad = "UIInterfaceOrientationLandscapeLeft UIInterfaceOrientationLandscapeRight UIInterfaceOrientationPortrait UIInterfaceOrientationPortraitUpsideDown";
				IPHONEOS_DEPLOYMENT_TARGET = 26.4;
				LD_RUNPATH_SEARCH_PATHS = "@executable_path/Frameworks";
				MARKETING_VERSION = 0.6;
				PRODUCT_BUNDLE_IDENTIFIER = com.orbit.audiobooks;
				PRODUCT_NAME = "$(TARGET_NAME)";
				REGISTER_APP_GROUPS = YES;
				SDKROOT = iphoneos;
				STRING_CATALOG_GENERATE_SYMBOLS = YES;
				SUPPORTED_PLATFORMS = "iphoneos iphonesimulator";
				SWIFT_APPROACHABLE_CONCURRENCY = YES;
				SWIFT_DEFAULT_ACTOR_ISOLATION = MainActor;
				SWIFT_EMIT_LOC_STRINGS = YES;
				SWIFT_UPCOMING_FEATURE_MEMBER_IMPORT_VISIBILITY = YES;
				SWIFT_VERSION = 5.0;
				TARGETED_DEVICE_FAMILY = "1,2";
				VERSIONING_SYSTEM = "apple-generic";
			};
			name = Release;
		};
		CC08EC7E2F9522F800206D2F /* Debug configuration for PBXNativeTarget "Orbit AudiobooksTests" */ = {
			isa = XCBuildConfiguration;
			buildSettings = {
				BUNDLE_LOADER = "$(TEST_HOST)";
				CODE_SIGN_STYLE = Automatic;
				CURRENT_PROJECT_VERSION = 8;
				DEVELOPMENT_TEAM = 8AXNA5B37R;
				GENERATE_INFOPLIST_FILE = YES;
				IPHONEOS_DEPLOYMENT_TARGET = 26.4;
				MARKETING_VERSION = 0.6;
				PRODUCT_BUNDLE_IDENTIFIER = com.orbit.audiobooks.tests;
				PRODUCT_NAME = "$(TARGET_NAME)";
				REGISTER_APP_GROUPS = YES;
				SDKROOT = iphoneos;
				STRING_CATALOG_GENERATE_SYMBOLS = NO;
				SUPPORTED_PLATFORMS = "iphoneos iphonesimulator";
				SWIFT_APPROACHABLE_CONCURRENCY = YES;
				SWIFT_EMIT_LOC_STRINGS = NO;
				SWIFT_UPCOMING_FEATURE_MEMBER_IMPORT_VISIBILITY = YES;
				SWIFT_VERSION = 5.0;
				TARGETED_DEVICE_FAMILY = 1;
				TEST_HOST = "$(BUILT_PRODUCTS_DIR)/Orbit Audiobooks.app/$(BUNDLE_EXECUTABLE_FOLDER_PATH)/Orbit Audiobooks";
				VERSIONING_SYSTEM = "apple-generic";
			};
			name = Debug;
		};
		CC08EC7F2F9522F800206D2F /* Release configuration for PBXNativeTarget "Orbit AudiobooksTests" */ = {
			isa = XCBuildConfiguration;
			buildSettings = {
				BUNDLE_LOADER = "$(TEST_HOST)";
				CODE_SIGN_STYLE = Automatic;
				CURRENT_PROJECT_VERSION = 8;
				DEVELOPMENT_TEAM = 8AXNA5B37R;
				GENERATE_INFOPLIST_FILE = YES;
				IPHONEOS_DEPLOYMENT_TARGET = 26.4;
				MARKETING_VERSION = 0.6;
				PRODUCT_BUNDLE_IDENTIFIER = com.orbit.audiobooks.tests;
				PRODUCT_NAME = "$(TARGET_NAME)";
				SDKROOT = iphoneos;
				STRING_CATALOG_GENERATE_SYMBOLS = NO;
				SUPPORTED_PLATFORMS = "iphoneos iphonesimulator";
				SWIFT_APPROACHABLE_CONCURRENCY = YES;
				SWIFT_EMIT_LOC_STRINGS = NO;
				SWIFT_UPCOMING_FEATURE_MEMBER_IMPORT_VISIBILITY = YES;
				SWIFT_VERSION = 5.0;
				TARGETED_DEVICE_FAMILY = 1;
				TEST_HOST = "$(BUILT_PRODUCTS_DIR)/Orbit Audiobooks.app/$(BUNDLE_EXECUTABLE_FOLDER_PATH)/Orbit Audiobooks";
				VERSIONING_SYSTEM = "apple-generic";
			};
			name = Release;
		};
		CC08EC812F9522F800206D2F /* Debug configuration for PBXNativeTarget "Orbit AudiobooksUITests" */ = {
			isa = XCBuildConfiguration;
			buildSettings = {
				CODE_SIGN_STYLE = Automatic;
				CURRENT_PROJECT_VERSION = 8;
				DEVELOPMENT_TEAM = 8AXNA5B37R;
				GENERATE_INFOPLIST_FILE = YES;
				IPHONEOS_DEPLOYMENT_TARGET = 26.4;
				MARKETING_VERSION = 0.6;
				PRODUCT_BUNDLE_IDENTIFIER = com.orbit.audiobooks.uitests;
				PRODUCT_NAME = "$(TARGET_NAME)";
				REGISTER_APP_GROUPS = YES;
				SDKROOT = iphoneos;
				STRING_CATALOG_GENERATE_SYMBOLS = NO;
				SUPPORTED_PLATFORMS = "iphoneos iphonesimulator";
				SWIFT_APPROACHABLE_CONCURRENCY = YES;
				SWIFT_EMIT_LOC_STRINGS = NO;
				SWIFT_UPCOMING_FEATURE_MEMBER_IMPORT_VISIBILITY = YES;
				SWIFT_VERSION = 5.0;
				TARGETED_DEVICE_FAMILY = 1;
				TEST_TARGET_NAME = "Orbit Audiobooks";
				VERSIONING_SYSTEM = "apple-generic";
			};
			name = Debug;
		};
		CC08EC822F9522F800206D2F /* Release configuration for PBXNativeTarget "Orbit AudiobooksUITests" */ = {
			isa = XCBuildConfiguration;
			buildSettings = {
				CODE_SIGN_STYLE = Automatic;
				CURRENT_PROJECT_VERSION = 8;
				DEVELOPMENT_TEAM = 8AXNA5B37R;
				GENERATE_INFOPLIST_FILE = YES;
				IPHONEOS_DEPLOYMENT_TARGET = 26.4;
				MARKETING_VERSION = 0.6;
				PRODUCT_BUNDLE_IDENTIFIER = com.orbit.audiobooks.uitests;
				PRODUCT_NAME = "$(TARGET_NAME)";
				SDKROOT = iphoneos;
				STRING_CATALOG_GENERATE_SYMBOLS = NO;
				SUPPORTED_PLATFORMS = "iphoneos iphonesimulator";
				SWIFT_APPROACHABLE_CONCURRENCY = YES;
				SWIFT_EMIT_LOC_STRINGS = NO;
				SWIFT_UPCOMING_FEATURE_MEMBER_IMPORT_VISIBILITY = YES;
				SWIFT_VERSION = 5.0;
				TARGETED_DEVICE_FAMILY = 1;
				TEST_TARGET_NAME = "Orbit Audiobooks";
				VERSIONING_SYSTEM = "apple-generic";
			};
			name = Release;
		};
		CCC48EBD2FA6AB350003458B /* Debug configuration for PBXNativeTarget "Orbit Audiobooks Watch App" */ = {
			isa = XCBuildConfiguration;
			buildSettings = {
				ASSETCATALOG_COMPILER_APPICON_NAME = AppIcon;
				ASSETCATALOG_COMPILER_GLOBAL_ACCENT_COLOR_NAME = AccentColor;
				CODE_SIGN_ENTITLEMENTS = "Orbit Audiobooks.entitlements";
				CODE_SIGN_STYLE = Automatic;
				CURRENT_PROJECT_VERSION = 8;
				DEVELOPMENT_TEAM = 8AXNA5B37R;
				ENABLE_PREVIEWS = YES;
				GENERATE_INFOPLIST_FILE = YES;
				INFOPLIST_KEY_CFBundleDisplayName = "Orbit AudioBooks";
				INFOPLIST_KEY_NSMicrophoneUsageDescription = "We need access to the microphone to record voice memos for bookmarks.";
				INFOPLIST_KEY_NSSpeechRecognitionUsageDescription = "We need speech recognition to dictate text for bookmarks.";
				INFOPLIST_KEY_UIBackgroundModes = audio;
				INFOPLIST_KEY_UISupportedInterfaceOrientations = "UIInterfaceOrientationPortrait UIInterfaceOrientationPortraitUpsideDown";
				INFOPLIST_KEY_WKCompanionAppBundleIdentifier = com.orbit.audiobooks;
				LD_RUNPATH_SEARCH_PATHS = (
					"$(inherited)",
					"@executable_path/Frameworks",
				);
				MARKETING_VERSION = 0.6;
				PRODUCT_BUNDLE_IDENTIFIER = com.orbit.audiobooks.watchkitapp;
				PRODUCT_NAME = "$(TARGET_NAME)";
				SDKROOT = watchos;
				SKIP_INSTALL = YES;
				STRING_CATALOG_GENERATE_SYMBOLS = YES;
				SWIFT_APPROACHABLE_CONCURRENCY = YES;
				SWIFT_DEFAULT_ACTOR_ISOLATION = MainActor;
				SWIFT_EMIT_LOC_STRINGS = YES;
				SWIFT_UPCOMING_FEATURE_MEMBER_IMPORT_VISIBILITY = YES;
				SWIFT_VERSION = 5.0;
				TARGETED_DEVICE_FAMILY = 4;
				VERSIONING_SYSTEM = "apple-generic";
				WATCHOS_DEPLOYMENT_TARGET = 26.4;
			};
			name = Debug;
		};
		CCC48EBE2FA6AB350003458B /* Release configuration for PBXNativeTarget "Orbit Audiobooks Watch App" */ = {
			isa = XCBuildConfiguration;
			buildSettings = {
				ASSETCATALOG_COMPILER_APPICON_NAME = AppIcon;
				ASSETCATALOG_COMPILER_GLOBAL_ACCENT_COLOR_NAME = AccentColor;
				CODE_SIGN_ENTITLEMENTS = "Orbit Audiobooks.entitlements";
				CODE_SIGN_STYLE = Automatic;
				CURRENT_PROJECT_VERSION = 8;
				DEVELOPMENT_TEAM = 8AXNA5B37R;
				ENABLE_PREVIEWS = YES;
				GENERATE_INFOPLIST_FILE = YES;
				INFOPLIST_KEY_CFBundleDisplayName = "Orbit AudioBooks";
				INFOPLIST_KEY_NSMicrophoneUsageDescription = "We need access to the microphone to record voice memos for bookmarks.";
				INFOPLIST_KEY_NSSpeechRecognitionUsageDescription = "We need speech recognition to dictate text for bookmarks.";
				INFOPLIST_KEY_UIBackgroundModes = audio;
				INFOPLIST_KEY_UISupportedInterfaceOrientations = "UIInterfaceOrientationPortrait UIInterfaceOrientationPortraitUpsideDown";
				INFOPLIST_KEY_WKCompanionAppBundleIdentifier = com.orbit.audiobooks;
				LD_RUNPATH_SEARCH_PATHS = (
					"$(inherited)",
					"@executable_path/Frameworks",
				);
				MARKETING_VERSION = 0.6;
				PRODUCT_BUNDLE_IDENTIFIER = com.orbit.audiobooks.watchkitapp;
				PRODUCT_NAME = "$(TARGET_NAME)";
				SDKROOT = watchos;
				SKIP_INSTALL = YES;
				STRING_CATALOG_GENERATE_SYMBOLS = YES;
				SWIFT_APPROACHABLE_CONCURRENCY = YES;
				SWIFT_DEFAULT_ACTOR_ISOLATION = MainActor;
				SWIFT_EMIT_LOC_STRINGS = YES;
				SWIFT_UPCOMING_FEATURE_MEMBER_IMPORT_VISIBILITY = YES;
				SWIFT_VERSION = 5.0;
				TARGETED_DEVICE_FAMILY = 4;
				VALIDATE_PRODUCT = YES;
				VERSIONING_SYSTEM = "apple-generic";
				WATCHOS_DEPLOYMENT_TARGET = 26.4;
			};
			name = Release;
		};
		CCC48EC02FA6AB350003458B /* Debug configuration for PBXNativeTarget "Orbit Audiobooks Watch AppTests" */ = {
			isa = XCBuildConfiguration;
			buildSettings = {
				BUNDLE_LOADER = "$(TEST_HOST)";
				CODE_SIGN_STYLE = Automatic;
				CURRENT_PROJECT_VERSION = 8;
				DEVELOPMENT_TEAM = 8AXNA5B37R;
				GENERATE_INFOPLIST_FILE = YES;
				MARKETING_VERSION = 0.6;
				PRODUCT_BUNDLE_IDENTIFIER = com.orbit.audiobooks.watchkitapp.tests;
				PRODUCT_NAME = "$(TARGET_NAME)";
				SDKROOT = watchos;
				STRING_CATALOG_GENERATE_SYMBOLS = NO;
				SWIFT_APPROACHABLE_CONCURRENCY = YES;
				SWIFT_EMIT_LOC_STRINGS = NO;
				SWIFT_UPCOMING_FEATURE_MEMBER_IMPORT_VISIBILITY = YES;
				SWIFT_VERSION = 5.0;
				TARGETED_DEVICE_FAMILY = 4;
				TEST_HOST = "$(BUILT_PRODUCTS_DIR)/Orbit Audiobooks Watch App.app/$(BUNDLE_EXECUTABLE_FOLDER_PATH)/Orbit Audiobooks Watch App";
				VERSIONING_SYSTEM = "apple-generic";
				WATCHOS_DEPLOYMENT_TARGET = 26.4;
			};
			name = Debug;
		};
		CCC48EC12FA6AB350003458B /* Release configuration for PBXNativeTarget "Orbit Audiobooks Watch AppTests" */ = {
			isa = XCBuildConfiguration;
			buildSettings = {
				BUNDLE_LOADER = "$(TEST_HOST)";
				CODE_SIGN_STYLE = Automatic;
				CURRENT_PROJECT_VERSION = 8;
				DEVELOPMENT_TEAM = 8AXNA5B37R;
				GENERATE_INFOPLIST_FILE = YES;
				MARKETING_VERSION = 0.6;
				PRODUCT_BUNDLE_IDENTIFIER = com.orbit.audiobooks.watchkitapp.tests;
				PRODUCT_NAME = "$(TARGET_NAME)";
				SDKROOT = watchos;
				STRING_CATALOG_GENERATE_SYMBOLS = NO;
				SWIFT_APPROACHABLE_CONCURRENCY = YES;
				SWIFT_EMIT_LOC_STRINGS = NO;
				SWIFT_UPCOMING_FEATURE_MEMBER_IMPORT_VISIBILITY = YES;
				SWIFT_VERSION = 5.0;
				TARGETED_DEVICE_FAMILY = 4;
				TEST_HOST = "$(BUILT_PRODUCTS_DIR)/Orbit Audiobooks Watch App.app/$(BUNDLE_EXECUTABLE_FOLDER_PATH)/Orbit Audiobooks Watch App";
				VALIDATE_PRODUCT = YES;
				VERSIONING_SYSTEM = "apple-generic";
				WATCHOS_DEPLOYMENT_TARGET = 26.4;
			};
			name = Release;
		};
		CCC48EC32FA6AB350003458B /* Debug configuration for PBXNativeTarget "Orbit Audiobooks Watch AppUITests" */ = {
			isa = XCBuildConfiguration;
			buildSettings = {
				CODE_SIGN_STYLE = Automatic;
				CURRENT_PROJECT_VERSION = 8;
				DEVELOPMENT_TEAM = 8AXNA5B37R;
				GENERATE_INFOPLIST_FILE = YES;
				MARKETING_VERSION = 0.6;
				PRODUCT_BUNDLE_IDENTIFIER = com.orbit.audiobooks.watchkitapp.uitests;
				PRODUCT_NAME = "$(TARGET_NAME)";
				SDKROOT = watchos;
				STRING_CATALOG_GENERATE_SYMBOLS = NO;
				SWIFT_APPROACHABLE_CONCURRENCY = YES;
				SWIFT_EMIT_LOC_STRINGS = NO;
				SWIFT_UPCOMING_FEATURE_MEMBER_IMPORT_VISIBILITY = YES;
				SWIFT_VERSION = 5.0;
				TARGETED_DEVICE_FAMILY = 4;
				TEST_TARGET_NAME = "Orbit Audiobooks Watch App";
				VERSIONING_SYSTEM = "apple-generic";
				WATCHOS_DEPLOYMENT_TARGET = 26.4;
			};
			name = Debug;
		};
		CCC48EC42FA6AB350003458B /* Release configuration for PBXNativeTarget "Orbit Audiobooks Watch AppUITests" */ = {
			isa = XCBuildConfiguration;
			buildSettings = {
				CODE_SIGN_STYLE = Automatic;
				CURRENT_PROJECT_VERSION = 8;
				DEVELOPMENT_TEAM = 8AXNA5B37R;
				GENERATE_INFOPLIST_FILE = YES;
				MARKETING_VERSION = 0.6;
				PRODUCT_BUNDLE_IDENTIFIER = com.orbit.audiobooks.watchkitapp.uitests;
				PRODUCT_NAME = "$(TARGET_NAME)";
				SDKROOT = watchos;
				STRING_CATALOG_GENERATE_SYMBOLS = NO;
				SWIFT_APPROACHABLE_CONCURRENCY = YES;
				SWIFT_EMIT_LOC_STRINGS = NO;
				SWIFT_UPCOMING_FEATURE_MEMBER_IMPORT_VISIBILITY = YES;
				SWIFT_VERSION = 5.0;
				TARGETED_DEVICE_FAMILY = 4;
				TEST_TARGET_NAME = "Orbit Audiobooks Watch App";
				VALIDATE_PRODUCT = YES;
				VERSIONING_SYSTEM = "apple-generic";
				WATCHOS_DEPLOYMENT_TARGET = 26.4;
			};
			name = Release;
		};
/* End XCBuildConfiguration section */

/* Begin XCConfigurationList section */
		AA0100000000000000000040 /* Build configuration list for PBXNativeTarget "Orbit Audiobooks macOS" */ = {
			isa = XCConfigurationList;
			buildConfigurations = (
				AA01000000000000000000A6 /* Debug configuration for PBXNativeTarget "Orbit Audiobooks macOS" */,
				AA01000000000000000000A7 /* Release configuration for PBXNativeTarget "Orbit Audiobooks macOS" */,
			);
			defaultConfigurationName = Release;
		};
		CC00BC652FA6B66500323F38 /* Build configuration list for PBXNativeTarget "Orbit Audiobooks WidgetExtension" */ = {
			isa = XCConfigurationList;
			buildConfigurations = (
				CC00BC632FA6B66500323F38 /* Debug configuration for PBXNativeTarget "Orbit Audiobooks WidgetExtension" */,
				CC00BC642FA6B66500323F38 /* Release configuration for PBXNativeTarget "Orbit Audiobooks WidgetExtension" */,
			);
			defaultConfigurationName = Release;
		};
		CC08EC542F9522F600206D2F /* Build configuration list for PBXProject "Orbit Audiobooks" */ = {
			isa = XCConfigurationList;
			buildConfigurations = (
				CC08EC782F9522F800206D2F /* Debug configuration for PBXProject "Orbit Audiobooks" */,
				CC08EC792F9522F800206D2F /* Release configuration for PBXProject "Orbit Audiobooks" */,
			);
			defaultConfigurationName = Release;
		};
		CC08EC7A2F9522F800206D2F /* Build configuration list for PBXNativeTarget "Orbit Audiobooks" */ = {
			isa = XCConfigurationList;
			buildConfigurations = (
				CC08EC7B2F9522F800206D2F /* Debug configuration for PBXNativeTarget "Orbit Audiobooks" */,
				CC08EC7C2F9522F800206D2F /* Release configuration for PBXNativeTarget "Orbit Audiobooks" */,
			);
			defaultConfigurationName = Release;
		};
		CC08EC7D2F9522F800206D2F /* Build configuration list for PBXNativeTarget "Orbit AudiobooksTests" */ = {
			isa = XCConfigurationList;
			buildConfigurations = (
				CC08EC7E2F9522F800206D2F /* Debug configuration for PBXNativeTarget "Orbit AudiobooksTests" */,
				CC08EC7F2F9522F800206D2F /* Release configuration for PBXNativeTarget "Orbit AudiobooksTests" */,
			);
			defaultConfigurationName = Release;
		};
		CC08EC802F9522F800206D2F /* Build configuration list for PBXNativeTarget "Orbit AudiobooksUITests" */ = {
			isa = XCConfigurationList;
			buildConfigurations = (
				CC08EC812F9522F800206D2F /* Debug configuration for PBXNativeTarget "Orbit AudiobooksUITests" */,
				CC08EC822F9522F800206D2F /* Release configuration for PBXNativeTarget "Orbit AudiobooksUITests" */,
			);
			defaultConfigurationName = Release;
		};
		CCC48EBC2FA6AB350003458B /* Build configuration list for PBXNativeTarget "Orbit Audiobooks Watch App" */ = {
			isa = XCConfigurationList;
			buildConfigurations = (
				CCC48EBD2FA6AB350003458B /* Debug configuration for PBXNativeTarget "Orbit Audiobooks Watch App" */,
				CCC48EBE2FA6AB350003458B /* Release configuration for PBXNativeTarget "Orbit Audiobooks Watch App" */,
			);
			defaultConfigurationName = Release;
		};
		CCC48EBF2FA6AB350003458B /* Build configuration list for PBXNativeTarget "Orbit Audiobooks Watch AppTests" */ = {
			isa = XCConfigurationList;
			buildConfigurations = (
				CCC48EC02FA6AB350003458B /* Debug configuration for PBXNativeTarget "Orbit Audiobooks Watch AppTests" */,
				CCC48EC12FA6AB350003458B /* Release configuration for PBXNativeTarget "Orbit Audiobooks Watch AppTests" */,
			);
			defaultConfigurationName = Release;
		};
		CCC48EC22FA6AB350003458B /* Build configuration list for PBXNativeTarget "Orbit Audiobooks Watch AppUITests" */ = {
			isa = XCConfigurationList;
			buildConfigurations = (
				CCC48EC32FA6AB350003458B /* Debug configuration for PBXNativeTarget "Orbit Audiobooks Watch AppUITests" */,
				CCC48EC42FA6AB350003458B /* Release configuration for PBXNativeTarget "Orbit Audiobooks Watch AppUITests" */,
			);
			defaultConfigurationName = Release;
		};
/* End XCConfigurationList section */

/* Begin XCRemoteSwiftPackageReference section */
		CC0000000001GRDB00000001 /* XCRemoteSwiftPackageReference "GRDB.swift" */ = {
			isa = XCRemoteSwiftPackageReference;
			repositoryURL = "https://github.com/groue/GRDB.swift.git";
			requirement = {
				kind = upToNextMajorVersion;
				minimumVersion = 7.0.0;
			};
		};
		CC0000000002ZIPF00000002 /* XCRemoteSwiftPackageReference "ZIPFoundation" */ = {
			isa = XCRemoteSwiftPackageReference;
			repositoryURL = "https://github.com/weichsel/ZIPFoundation";
			requirement = {
				kind = upToNextMajorVersion;
				minimumVersion = 0.9.19;
			};
		};
		CC0000000003WHSK00000003 /* XCRemoteSwiftPackageReference "WhisperKit" */ = {
			isa = XCRemoteSwiftPackageReference;
			repositoryURL = "https://github.com/argmaxinc/WhisperKit";
			requirement = {
				kind = upToNextMajorVersion;
				minimumVersion = 0.7.0;
			};
		};
/* End XCRemoteSwiftPackageReference section */

/* Begin XCSwiftPackageProductDependency section */
		CC0000000002GRDB00000002 /* GRDB */ = {
			isa = XCSwiftPackageProductDependency;
			package = CC0000000001GRDB00000001 /* XCRemoteSwiftPackageReference "GRDB.swift" */;
			productName = GRDB;
		};
		CC0000000003ZIPF00000003 /* ZIPFoundation */ = {
			isa = XCSwiftPackageProductDependency;
			package = CC0000000002ZIPF00000002 /* XCRemoteSwiftPackageReference "ZIPFoundation" */;
			productName = ZIPFoundation;
		};
		CC0000000004WHSK00000004 /* WhisperKit */ = {
			isa = XCSwiftPackageProductDependency;
			package = CC0000000003WHSK00000003 /* XCRemoteSwiftPackageReference "WhisperKit" */;
			productName = WhisperKit;
		};
/* End XCSwiftPackageProductDependency section */
	};
	rootObject = CC08EC512F9522F600206D2F /* Project object */;
}
